{
  "name": "transformer-options",
  "lockfileVersion": 2,
  "requires": true,
  "packages": {
    "": {
      "dependencies": {
        "@formatjs/ts-transformer": "^3.6.0",
        "react": "^17.0.2",
        "react-intl": "^5.21.0"
      }
    },
    "node_modules/@formatjs/ecma402-abstract": {
      "version": "1.11.6",
      "resolved": "https://registry.npmjs.org/@formatjs/ecma402-abstract/-/ecma402-abstract-1.11.6.tgz",
      "integrity": "sha512-6TcI+IroIK+GTWXBJ643LBJklmCBsqLt1sUTGWfzdBcI5Y6b1L1iamrJB1B5OAQLnhzWveLbmzPYHYsFEZfeig==",
      "dependencies": {
        "@formatjs/intl-localematcher": "0.2.27",
        "tslib": "2.4.0"
      }
    },
    "node_modules/@formatjs/fast-memoize": {
      "version": "1.2.1",
      "resolved": "https://registry.npmjs.org/@formatjs/fast-memoize/-/fast-memoize-1.2.1.tgz",
      "integrity": "sha512-Rg0e76nomkz3vF9IPlKeV+Qynok0r7YZjL6syLz4/urSg0IbjPZCB/iYUMNsYA643gh4mgrX3T7KEIFIxJBQeg==",
      "dependencies": {
        "tslib": "^2.1.0"
      }
    },
    "node_modules/@formatjs/icu-messageformat-parser": {
      "version": "2.1.2",
      "resolved": "https://registry.npmjs.org/@formatjs/icu-messageformat-parser/-/icu-messageformat-parser-2.1.2.tgz",
      "integrity": "sha512-FYQ2pkgbDJxJlst/U5MU2H7+bR9HrZ4x8J4c0etrya24pJzQxYguVlAhc2S6NoEImlQ2LmIIGsURaBQu9bCtew==",
      "dependencies": {
        "@formatjs/ecma402-abstract": "1.11.6",
        "@formatjs/icu-skeleton-parser": "1.3.8",
        "tslib": "2.4.0"
      }
    },
    "node_modules/@formatjs/icu-skeleton-parser": {
      "version": "1.3.8",
      "resolved": "https://registry.npmjs.org/@formatjs/icu-skeleton-parser/-/icu-skeleton-parser-1.3.8.tgz",
      "integrity": "sha512-CVdsPMs/KvrIDKhMDw8bSq/Zst2bhdn/bTUfVCHi/c/bj462lChIJmW/JP/FaGKgZzdG8slGyVIFLonpG4uqFA==",
      "dependencies": {
        "@formatjs/ecma402-abstract": "1.11.6",
        "tslib": "2.4.0"
      }
    },
    "node_modules/@formatjs/intl": {
      "version": "2.2.1",
      "resolved": "https://registry.npmjs.org/@formatjs/intl/-/intl-2.2.1.tgz",
      "integrity": "sha512-vgvyUOOrzqVaOFYzTf2d3+ToSkH2JpR7x/4U1RyoHQLmvEaTQvXJ7A2qm1Iy3brGNXC/+/7bUlc3lpH+h/LOJA==",
      "dependencies": {
        "@formatjs/ecma402-abstract": "1.11.4",
        "@formatjs/fast-memoize": "1.2.1",
        "@formatjs/icu-messageformat-parser": "2.1.0",
        "@formatjs/intl-displaynames": "5.4.3",
        "@formatjs/intl-listformat": "6.5.3",
        "intl-messageformat": "9.13.0",
        "tslib": "^2.1.0"
      },
      "peerDependencies": {
        "typescript": "^4.5"
      },
      "peerDependenciesMeta": {
        "typescript": {
          "optional": true
        }
      }
    },
    "node_modules/@formatjs/intl-displaynames": {
      "version": "5.4.3",
      "resolved": "https://registry.npmjs.org/@formatjs/intl-displaynames/-/intl-displaynames-5.4.3.tgz",
      "integrity": "sha512-4r12A3mS5dp5hnSaQCWBuBNfi9Amgx2dzhU4lTFfhSxgb5DOAiAbMpg6+7gpWZgl4ahsj3l2r/iHIjdmdXOE2Q==",
      "dependencies": {
        "@formatjs/ecma402-abstract": "1.11.4",
        "@formatjs/intl-localematcher": "0.2.25",
        "tslib": "^2.1.0"
      }
    },
    "node_modules/@formatjs/intl-displaynames/node_modules/@formatjs/ecma402-abstract": {
      "version": "1.11.4",
      "resolved": "https://registry.npmjs.org/@formatjs/ecma402-abstract/-/ecma402-abstract-1.11.4.tgz",
      "integrity": "sha512-EBikYFp2JCdIfGEb5G9dyCkTGDmC57KSHhRQOC3aYxoPWVZvfWCDjZwkGYHN7Lis/fmuWl906bnNTJifDQ3sXw==",
      "dependencies": {
        "@formatjs/intl-localematcher": "0.2.25",
        "tslib": "^2.1.0"
      }
    },
    "node_modules/@formatjs/intl-displaynames/node_modules/@formatjs/intl-localematcher": {
      "version": "0.2.25",
      "resolved": "https://registry.npmjs.org/@formatjs/intl-localematcher/-/intl-localematcher-0.2.25.tgz",
      "integrity": "sha512-YmLcX70BxoSopLFdLr1Ds99NdlTI2oWoLbaUW2M406lxOIPzE1KQhRz2fPUkq34xVZQaihCoU29h0KK7An3bhA==",
      "dependencies": {
        "tslib": "^2.1.0"
      }
    },
    "node_modules/@formatjs/intl-listformat": {
      "version": "6.5.3",
      "resolved": "https://registry.npmjs.org/@formatjs/intl-listformat/-/intl-listformat-6.5.3.tgz",
      "integrity": "sha512-ozpz515F/+3CU+HnLi5DYPsLa6JoCfBggBSSg/8nOB5LYSFW9+ZgNQJxJ8tdhKYeODT+4qVHX27EeJLoxLGLNg==",
      "dependencies": {
        "@formatjs/ecma402-abstract": "1.11.4",
        "@formatjs/intl-localematcher": "0.2.25",
        "tslib": "^2.1.0"
      }
    },
    "node_modules/@formatjs/intl-listformat/node_modules/@formatjs/ecma402-abstract": {
      "version": "1.11.4",
      "resolved": "https://registry.npmjs.org/@formatjs/ecma402-abstract/-/ecma402-abstract-1.11.4.tgz",
      "integrity": "sha512-EBikYFp2JCdIfGEb5G9dyCkTGDmC57KSHhRQOC3aYxoPWVZvfWCDjZwkGYHN7Lis/fmuWl906bnNTJifDQ3sXw==",
      "dependencies": {
        "@formatjs/intl-localematcher": "0.2.25",
        "tslib": "^2.1.0"
      }
    },
    "node_modules/@formatjs/intl-listformat/node_modules/@formatjs/intl-localematcher": {
      "version": "0.2.25",
      "resolved": "https://registry.npmjs.org/@formatjs/intl-localematcher/-/intl-localematcher-0.2.25.tgz",
      "integrity": "sha512-YmLcX70BxoSopLFdLr1Ds99NdlTI2oWoLbaUW2M406lxOIPzE1KQhRz2fPUkq34xVZQaihCoU29h0KK7An3bhA==",
      "dependencies": {
        "tslib": "^2.1.0"
      }
    },
    "node_modules/@formatjs/intl-localematcher": {
      "version": "0.2.27",
      "resolved": "https://registry.npmjs.org/@formatjs/intl-localematcher/-/intl-localematcher-0.2.27.tgz",
      "integrity": "sha512-XHYcVas2ebDTh3VtfdluvbTjqyMUHqFHARnuJo5KYF/0MKOTmozVSK7PJGnu1IEHdmRdTWuG6TB+2RnkasaxVw==",
      "dependencies": {
        "tslib": "2.4.0"
      }
    },
    "node_modules/@formatjs/intl/node_modules/@formatjs/ecma402-abstract": {
      "version": "1.11.4",
      "resolved": "https://registry.npmjs.org/@formatjs/ecma402-abstract/-/ecma402-abstract-1.11.4.tgz",
      "integrity": "sha512-EBikYFp2JCdIfGEb5G9dyCkTGDmC57KSHhRQOC3aYxoPWVZvfWCDjZwkGYHN7Lis/fmuWl906bnNTJifDQ3sXw==",
      "dependencies": {
        "@formatjs/intl-localematcher": "0.2.25",
        "tslib": "^2.1.0"
      }
    },
    "node_modules/@formatjs/intl/node_modules/@formatjs/icu-messageformat-parser": {
      "version": "2.1.0",
      "resolved": "https://registry.npmjs.org/@formatjs/icu-messageformat-parser/-/icu-messageformat-parser-2.1.0.tgz",
      "integrity": "sha512-Qxv/lmCN6hKpBSss2uQ8IROVnta2r9jd3ymUEIjm2UyIkUCHVcbUVRGL/KS/wv7876edvsPe+hjHVJ4z8YuVaw==",
      "dependencies": {
        "@formatjs/ecma402-abstract": "1.11.4",
        "@formatjs/icu-skeleton-parser": "1.3.6",
        "tslib": "^2.1.0"
      }
    },
    "node_modules/@formatjs/intl/node_modules/@formatjs/icu-skeleton-parser": {
      "version": "1.3.6",
      "resolved": "https://registry.npmjs.org/@formatjs/icu-skeleton-parser/-/icu-skeleton-parser-1.3.6.tgz",
      "integrity": "sha512-I96mOxvml/YLrwU2Txnd4klA7V8fRhb6JG/4hm3VMNmeJo1F03IpV2L3wWt7EweqNLES59SZ4d6hVOPCSf80Bg==",
      "dependencies": {
        "@formatjs/ecma402-abstract": "1.11.4",
        "tslib": "^2.1.0"
      }
    },
    "node_modules/@formatjs/intl/node_modules/@formatjs/intl-localematcher": {
      "version": "0.2.25",
      "resolved": "https://registry.npmjs.org/@formatjs/intl-localematcher/-/intl-localematcher-0.2.25.tgz",
      "integrity": "sha512-YmLcX70BxoSopLFdLr1Ds99NdlTI2oWoLbaUW2M406lxOIPzE1KQhRz2fPUkq34xVZQaihCoU29h0KK7An3bhA==",
      "dependencies": {
        "tslib": "^2.1.0"
      }
    },
    "node_modules/@formatjs/ts-transformer": {
      "version": "3.9.7",
      "resolved": "https://registry.npmjs.org/@formatjs/ts-transformer/-/ts-transformer-3.9.7.tgz",
      "integrity": "sha512-H7sYU+B+5MHKfzZzmKUMgpmiCC963hcb7WA8kGCHKkHxo4rEqAPyTbv87yO+eiEZ8SQFYKdmj4yFaSYQ/x/kaA==",
      "dependencies": {
        "@formatjs/icu-messageformat-parser": "2.1.2",
        "@types/json-stable-stringify": "^1.0.32",
        "@types/node": "14 || 16 || 17",
        "chalk": "^4.0.0",
        "json-stable-stringify": "^1.0.1",
        "tslib": "2.4.0",
        "typescript": "^4.5"
      },
      "peerDependencies": {
        "ts-jest": "27"
      },
      "peerDependenciesMeta": {
        "ts-jest": {
          "optional": true
        }
      }
    },
    "node_modules/@types/hoist-non-react-statics": {
      "version": "3.3.1",
      "resolved": "https://registry.npmjs.org/@types/hoist-non-react-statics/-/hoist-non-react-statics-3.3.1.tgz",
      "integrity": "sha512-iMIqiko6ooLrTh1joXodJK5X9xeEALT1kM5G3ZLhD3hszxBdIEd5C75U834D9mLcINgD4OyZf5uQXjkuYydWvA==",
      "dependencies": {
        "@types/react": "*",
        "hoist-non-react-statics": "^3.3.0"
      }
    },
    "node_modules/@types/json-stable-stringify": {
      "version": "1.0.34",
      "resolved": "https://registry.npmjs.org/@types/json-stable-stringify/-/json-stable-stringify-1.0.34.tgz",
      "integrity": "sha512-s2cfwagOQAS8o06TcwKfr9Wx11dNGbH2E9vJz1cqV+a/LOyhWNLUNd6JSRYNzvB4d29UuJX2M0Dj9vE1T8fRXw=="
    },
    "node_modules/@types/node": {
      "version": "17.0.35",
      "resolved": "https://registry.npmjs.org/@types/node/-/node-17.0.35.tgz",
      "integrity": "sha512-vu1SrqBjbbZ3J6vwY17jBs8Sr/BKA+/a/WtjRG+whKg1iuLFOosq872EXS0eXWILdO36DHQQeku/ZcL6hz2fpg=="
    },
    "node_modules/@types/prop-types": {
      "version": "15.7.5",
      "resolved": "https://registry.npmjs.org/@types/prop-types/-/prop-types-15.7.5.tgz",
      "integrity": "sha512-JCB8C6SnDoQf0cNycqd/35A7MjcnK+ZTqE7judS6o7utxUCg6imJg3QK2qzHKszlTjcj2cn+NwMB2i96ubpj7w=="
    },
    "node_modules/@types/react": {
      "version": "18.0.9",
      "resolved": "https://registry.npmjs.org/@types/react/-/react-18.0.9.tgz",
      "integrity": "sha512-9bjbg1hJHUm4De19L1cHiW0Jvx3geel6Qczhjd0qY5VKVE2X5+x77YxAepuCwVh4vrgZJdgEJw48zrhRIeF4Nw==",
      "dependencies": {
        "@types/prop-types": "*",
        "@types/scheduler": "*",
        "csstype": "^3.0.2"
      }
    },
    "node_modules/@types/scheduler": {
      "version": "0.16.2",
      "resolved": "https://registry.npmjs.org/@types/scheduler/-/scheduler-0.16.2.tgz",
      "integrity": "sha512-hppQEBDmlwhFAXKJX2KnWLYu5yMfi91yazPb2l+lbJiwW+wdo1gNeRA+3RgNSO39WYX2euey41KEwnqesU2Jew=="
    },
    "node_modules/ansi-styles": {
      "version": "4.3.0",
      "resolved": "https://registry.npmjs.org/ansi-styles/-/ansi-styles-4.3.0.tgz",
      "integrity": "sha512-zbB9rCJAT1rbjiVDb2hqKFHNYLxgtk8NURxZ3IZwD3F6NtxbXZQCnnSi1Lkx+IDohdPlFp222wVALIheZJQSEg==",
      "dependencies": {
        "color-convert": "^2.0.1"
      },
      "engines": {
        "node": ">=8"
      },
      "funding": {
        "url": "https://github.com/chalk/ansi-styles?sponsor=1"
      }
    },
    "node_modules/chalk": {
      "version": "4.1.2",
      "resolved": "https://registry.npmjs.org/chalk/-/chalk-4.1.2.tgz",
      "integrity": "sha512-oKnbhFyRIXpUuez8iBMmyEa4nbj4IOQyuhc/wy9kY7/WVPcwIO9VA668Pu8RkO7+0G76SLROeyw9CpQ061i4mA==",
      "dependencies": {
        "ansi-styles": "^4.1.0",
        "supports-color": "^7.1.0"
      },
      "engines": {
        "node": ">=10"
      },
      "funding": {
        "url": "https://github.com/chalk/chalk?sponsor=1"
      }
    },
    "node_modules/color-convert": {
      "version": "2.0.1",
      "resolved": "https://registry.npmjs.org/color-convert/-/color-convert-2.0.1.tgz",
      "integrity": "sha512-RRECPsj7iu/xb5oKYcsFHSppFNnsj/52OVTRKb4zP5onXwVF3zVmmToNcOfGC+CRDpfK/U584fMg38ZHCaElKQ==",
      "dependencies": {
        "color-name": "~1.1.4"
      },
      "engines": {
        "node": ">=7.0.0"
      }
    },
    "node_modules/color-name": {
      "version": "1.1.4",
      "resolved": "https://registry.npmjs.org/color-name/-/color-name-1.1.4.tgz",
      "integrity": "sha512-dOy+3AuW3a2wNbZHIuMZpTcgjGuLU/uBL/ubcZF9OXbDo8ff4O8yVp5Bf0efS8uEoYo5q4Fx7dY9OgQGXgAsQA=="
    },
    "node_modules/csstype": {
      "version": "3.1.0",
      "resolved": "https://registry.npmjs.org/csstype/-/csstype-3.1.0.tgz",
      "integrity": "sha512-uX1KG+x9h5hIJsaKR9xHUeUraxf8IODOwq9JLNPq6BwB04a/xgpq3rcx47l5BZu5zBPlgD342tdke3Hom/nJRA=="
    },
    "node_modules/has-flag": {
      "version": "4.0.0",
      "resolved": "https://registry.npmjs.org/has-flag/-/has-flag-4.0.0.tgz",
      "integrity": "sha512-EykJT/Q1KjTWctppgIAgfSO0tKVuZUjhgMr17kqTumMl6Afv3EISleU7qZUzoXDFTAHTDC4NOoG/ZxU3EvlMPQ==",
      "engines": {
        "node": ">=8"
      }
    },
    "node_modules/hoist-non-react-statics": {
      "version": "3.3.2",
      "resolved": "https://registry.npmjs.org/hoist-non-react-statics/-/hoist-non-react-statics-3.3.2.tgz",
      "integrity": "sha512-/gGivxi8JPKWNm/W0jSmzcMPpfpPLc3dY/6GxhX2hQ9iGj3aDfklV4ET7NjKpSinLpJ5vafa9iiGIEZg10SfBw==",
      "dependencies": {
        "react-is": "^16.7.0"
      }
    },
    "node_modules/intl-messageformat": {
      "version": "9.13.0",
      "resolved": "https://registry.npmjs.org/intl-messageformat/-/intl-messageformat-9.13.0.tgz",
      "integrity": "sha512-7sGC7QnSQGa5LZP7bXLDhVDtQOeKGeBFGHF2Y8LVBwYZoQZCgWeKoPGTa5GMG8g/TzDgeXuYJQis7Ggiw2xTOw==",
      "dependencies": {
        "@formatjs/ecma402-abstract": "1.11.4",
        "@formatjs/fast-memoize": "1.2.1",
        "@formatjs/icu-messageformat-parser": "2.1.0",
        "tslib": "^2.1.0"
      }
    },
    "node_modules/intl-messageformat/node_modules/@formatjs/ecma402-abstract": {
      "version": "1.11.4",
      "resolved": "https://registry.npmjs.org/@formatjs/ecma402-abstract/-/ecma402-abstract-1.11.4.tgz",
      "integrity": "sha512-EBikYFp2JCdIfGEb5G9dyCkTGDmC57KSHhRQOC3aYxoPWVZvfWCDjZwkGYHN7Lis/fmuWl906bnNTJifDQ3sXw==",
      "dependencies": {
        "@formatjs/intl-localematcher": "0.2.25",
        "tslib": "^2.1.0"
      }
    },
    "node_modules/intl-messageformat/node_modules/@formatjs/icu-messageformat-parser": {
      "version": "2.1.0",
      "resolved": "https://registry.npmjs.org/@formatjs/icu-messageformat-parser/-/icu-messageformat-parser-2.1.0.tgz",
      "integrity": "sha512-Qxv/lmCN6hKpBSss2uQ8IROVnta2r9jd3ymUEIjm2UyIkUCHVcbUVRGL/KS/wv7876edvsPe+hjHVJ4z8YuVaw==",
      "dependencies": {
        "@formatjs/ecma402-abstract": "1.11.4",
        "@formatjs/icu-skeleton-parser": "1.3.6",
        "tslib": "^2.1.0"
      }
    },
    "node_modules/intl-messageformat/node_modules/@formatjs/icu-skeleton-parser": {
      "version": "1.3.6",
      "resolved": "https://registry.npmjs.org/@formatjs/icu-skeleton-parser/-/icu-skeleton-parser-1.3.6.tgz",
      "integrity": "sha512-I96mOxvml/YLrwU2Txnd4klA7V8fRhb6JG/4hm3VMNmeJo1F03IpV2L3wWt7EweqNLES59SZ4d6hVOPCSf80Bg==",
      "dependencies": {
        "@formatjs/ecma402-abstract": "1.11.4",
        "tslib": "^2.1.0"
      }
    },
    "node_modules/intl-messageformat/node_modules/@formatjs/intl-localematcher": {
      "version": "0.2.25",
      "resolved": "https://registry.npmjs.org/@formatjs/intl-localematcher/-/intl-localematcher-0.2.25.tgz",
      "integrity": "sha512-YmLcX70BxoSopLFdLr1Ds99NdlTI2oWoLbaUW2M406lxOIPzE1KQhRz2fPUkq34xVZQaihCoU29h0KK7An3bhA==",
      "dependencies": {
        "tslib": "^2.1.0"
      }
    },
    "node_modules/js-tokens": {
      "version": "4.0.0",
      "resolved": "https://registry.npmjs.org/js-tokens/-/js-tokens-4.0.0.tgz",
      "integrity": "sha512-RdJUflcE3cUzKiMqQgsCu06FPu9UdIJO0beYbPhHN4k6apgJtifcoCtT9bcxOpYBtpD2kCM6Sbzg4CausW/PKQ=="
    },
    "node_modules/json-stable-stringify": {
      "version": "1.0.1",
      "resolved": "https://registry.npmjs.org/json-stable-stringify/-/json-stable-stringify-1.0.1.tgz",
      "integrity": "sha1-mnWdOcXy/1A/1TAGRu1EX4jE+a8=",
      "dependencies": {
        "jsonify": "~0.0.0"
      }
    },
    "node_modules/jsonify": {
      "version": "0.0.0",
      "resolved": "https://registry.npmjs.org/jsonify/-/jsonify-0.0.0.tgz",
      "integrity": "sha1-LHS27kHZPKUbe1qu6PUDYx0lKnM=",
      "engines": {
        "node": "*"
      }
    },
    "node_modules/loose-envify": {
      "version": "1.4.0",
      "resolved": "https://registry.npmjs.org/loose-envify/-/loose-envify-1.4.0.tgz",
      "integrity": "sha512-lyuxPGr/Wfhrlem2CL/UcnUc1zcqKAImBDzukY7Y5F/yQiNdko6+fRLevlw1HgMySw7f611UIY408EtxRSoK3Q==",
      "dependencies": {
        "js-tokens": "^3.0.0 || ^4.0.0"
      },
      "bin": {
        "loose-envify": "cli.js"
      }
    },
    "node_modules/object-assign": {
      "version": "4.1.1",
      "resolved": "https://registry.npmjs.org/object-assign/-/object-assign-4.1.1.tgz",
      "integrity": "sha1-IQmtx5ZYh8/AXLvUQsrIv7s2CGM=",
      "engines": {
        "node": ">=0.10.0"
      }
    },
    "node_modules/react": {
      "version": "17.0.2",
      "resolved": "https://registry.npmjs.org/react/-/react-17.0.2.tgz",
      "integrity": "sha512-gnhPt75i/dq/z3/6q/0asP78D0u592D5L1pd7M8P+dck6Fu/jJeL6iVVK23fptSUZj8Vjf++7wXA8UNclGQcbA==",
      "dependencies": {
        "loose-envify": "^1.1.0",
        "object-assign": "^4.1.1"
      },
      "engines": {
        "node": ">=0.10.0"
      }
    },
    "node_modules/react-intl": {
      "version": "5.25.1",
      "resolved": "https://registry.npmjs.org/react-intl/-/react-intl-5.25.1.tgz",
      "integrity": "sha512-pkjdQDvpJROoXLMltkP/5mZb0/XqrqLoPGKUCfbdkP8m6U9xbK40K51Wu+a4aQqTEvEK5lHBk0fWzUV72SJ3Hg==",
      "dependencies": {
        "@formatjs/ecma402-abstract": "1.11.4",
        "@formatjs/icu-messageformat-parser": "2.1.0",
        "@formatjs/intl": "2.2.1",
        "@formatjs/intl-displaynames": "5.4.3",
        "@formatjs/intl-listformat": "6.5.3",
        "@types/hoist-non-react-statics": "^3.3.1",
        "@types/react": "16 || 17 || 18",
        "hoist-non-react-statics": "^3.3.2",
        "intl-messageformat": "9.13.0",
        "tslib": "^2.1.0"
      },
      "peerDependencies": {
        "react": "^16.3.0 || 17 || 18",
        "typescript": "^4.5"
      },
      "peerDependenciesMeta": {
        "typescript": {
          "optional": true
        }
      }
    },
    "node_modules/react-intl/node_modules/@formatjs/ecma402-abstract": {
      "version": "1.11.4",
      "resolved": "https://registry.npmjs.org/@formatjs/ecma402-abstract/-/ecma402-abstract-1.11.4.tgz",
      "integrity": "sha512-EBikYFp2JCdIfGEb5G9dyCkTGDmC57KSHhRQOC3aYxoPWVZvfWCDjZwkGYHN7Lis/fmuWl906bnNTJifDQ3sXw==",
      "dependencies": {
        "@formatjs/intl-localematcher": "0.2.25",
        "tslib": "^2.1.0"
      }
    },
    "node_modules/react-intl/node_modules/@formatjs/icu-messageformat-parser": {
      "version": "2.1.0",
      "resolved": "https://registry.npmjs.org/@formatjs/icu-messageformat-parser/-/icu-messageformat-parser-2.1.0.tgz",
      "integrity": "sha512-Qxv/lmCN6hKpBSss2uQ8IROVnta2r9jd3ymUEIjm2UyIkUCHVcbUVRGL/KS/wv7876edvsPe+hjHVJ4z8YuVaw==",
      "dependencies": {
        "@formatjs/ecma402-abstract": "1.11.4",
        "@formatjs/icu-skeleton-parser": "1.3.6",
        "tslib": "^2.1.0"
      }
    },
    "node_modules/react-intl/node_modules/@formatjs/icu-skeleton-parser": {
      "version": "1.3.6",
      "resolved": "https://registry.npmjs.org/@formatjs/icu-skeleton-parser/-/icu-skeleton-parser-1.3.6.tgz",
      "integrity": "sha512-I96mOxvml/YLrwU2Txnd4klA7V8fRhb6JG/4hm3VMNmeJo1F03IpV2L3wWt7EweqNLES59SZ4d6hVOPCSf80Bg==",
      "dependencies": {
        "@formatjs/ecma402-abstract": "1.11.4",
        "tslib": "^2.1.0"
      }
    },
    "node_modules/react-intl/node_modules/@formatjs/intl-localematcher": {
      "version": "0.2.25",
      "resolved": "https://registry.npmjs.org/@formatjs/intl-localematcher/-/intl-localematcher-0.2.25.tgz",
      "integrity": "sha512-YmLcX70BxoSopLFdLr1Ds99NdlTI2oWoLbaUW2M406lxOIPzE1KQhRz2fPUkq34xVZQaihCoU29h0KK7An3bhA==",
      "dependencies": {
        "tslib": "^2.1.0"
      }
    },
    "node_modules/react-is": {
      "version": "16.13.1",
      "resolved": "https://registry.npmjs.org/react-is/-/react-is-16.13.1.tgz",
      "integrity": "sha512-24e6ynE2H+OKt4kqsOvNd8kBpV65zoxbA4BVsEOB3ARVWQki/DHzaUoC5KuON/BiccDaCCTZBuOcfZs70kR8bQ=="
    },
    "node_modules/supports-color": {
      "version": "7.2.0",
      "resolved": "https://registry.npmjs.org/supports-color/-/supports-color-7.2.0.tgz",
      "integrity": "sha512-qpCAvRl9stuOHveKsn7HncJRvv501qIacKzQlO/+Lwxc9+0q2wLyv4Dfvt80/DPn2pqOBsJdDiogXGR9+OvwRw==",
      "dependencies": {
        "has-flag": "^4.0.0"
      },
      "engines": {
        "node": ">=8"
      }
    },
    "node_modules/tslib": {
      "version": "2.4.0",
      "resolved": "https://registry.npmjs.org/tslib/-/tslib-2.4.0.tgz",
      "integrity": "sha512-d6xOpEDfsi2CZVlPQzGeux8XMwLT9hssAsaPYExaQMuYskwb+x1x7J371tWlbBdWHroy99KnVB6qIkUbs5X3UQ=="
    },
    "node_modules/typescript": {
      "version": "4.7.2",
      "resolved": "https://registry.npmjs.org/typescript/-/typescript-4.7.2.tgz",
      "integrity": "sha512-Mamb1iX2FDUpcTRzltPxgWMKy3fhg0TN378ylbktPGPK/99KbDtMQ4W1hwgsbPAsG3a0xKa1vmw4VKZQbkvz5A==",
      "bin": {
        "tsc": "bin/tsc",
        "tsserver": "bin/tsserver"
      },
      "engines": {
        "node": ">=4.2.0"
      }
    }
  },
  "dependencies": {
    "@formatjs/ecma402-abstract": {
      "version": "1.11.6",
      "resolved": "https://registry.npmjs.org/@formatjs/ecma402-abstract/-/ecma402-abstract-1.11.6.tgz",
      "integrity": "sha512-6TcI+IroIK+GTWXBJ643LBJklmCBsqLt1sUTGWfzdBcI5Y6b1L1iamrJB1B5OAQLnhzWveLbmzPYHYsFEZfeig==",
      "requires": {
        "@formatjs/intl-localematcher": "0.2.27",
        "tslib": "2.4.0"
      }
    },
    "@formatjs/fast-memoize": {
      "version": "1.2.1",
      "resolved": "https://registry.npmjs.org/@formatjs/fast-memoize/-/fast-memoize-1.2.1.tgz",
      "integrity": "sha512-Rg0e76nomkz3vF9IPlKeV+Qynok0r7YZjL6syLz4/urSg0IbjPZCB/iYUMNsYA643gh4mgrX3T7KEIFIxJBQeg==",
      "requires": {
        "tslib": "^2.1.0"
      }
    },
    "@formatjs/icu-messageformat-parser": {
      "version": "2.1.2",
      "resolved": "https://registry.npmjs.org/@formatjs/icu-messageformat-parser/-/icu-messageformat-parser-2.1.2.tgz",
      "integrity": "sha512-FYQ2pkgbDJxJlst/U5MU2H7+bR9HrZ4x8J4c0etrya24pJzQxYguVlAhc2S6NoEImlQ2LmIIGsURaBQu9bCtew==",
      "requires": {
        "@formatjs/ecma402-abstract": "1.11.6",
        "@formatjs/icu-skeleton-parser": "1.3.8",
        "tslib": "2.4.0"
      }
    },
    "@formatjs/icu-skeleton-parser": {
      "version": "1.3.8",
      "resolved": "https://registry.npmjs.org/@formatjs/icu-skeleton-parser/-/icu-skeleton-parser-1.3.8.tgz",
      "integrity": "sha512-CVdsPMs/KvrIDKhMDw8bSq/Zst2bhdn/bTUfVCHi/c/bj462lChIJmW/JP/FaGKgZzdG8slGyVIFLonpG4uqFA==",
      "requires": {
        "@formatjs/ecma402-abstract": "1.11.6",
        "tslib": "2.4.0"
      }
    },
    "@formatjs/intl": {
      "version": "2.2.1",
      "resolved": "https://registry.npmjs.org/@formatjs/intl/-/intl-2.2.1.tgz",
      "integrity": "sha512-vgvyUOOrzqVaOFYzTf2d3+ToSkH2JpR7x/4U1RyoHQLmvEaTQvXJ7A2qm1Iy3brGNXC/+/7bUlc3lpH+h/LOJA==",
      "requires": {
        "@formatjs/ecma402-abstract": "1.11.4",
        "@formatjs/fast-memoize": "1.2.1",
        "@formatjs/icu-messageformat-parser": "2.1.0",
        "@formatjs/intl-displaynames": "5.4.3",
        "@formatjs/intl-listformat": "6.5.3",
        "intl-messageformat": "9.13.0",
        "tslib": "^2.1.0"
      },
      "dependencies": {
        "@formatjs/ecma402-abstract": {
          "version": "1.11.4",
          "resolved": "https://registry.npmjs.org/@formatjs/ecma402-abstract/-/ecma402-abstract-1.11.4.tgz",
          "integrity": "sha512-EBikYFp2JCdIfGEb5G9dyCkTGDmC57KSHhRQOC3aYxoPWVZvfWCDjZwkGYHN7Lis/fmuWl906bnNTJifDQ3sXw==",
          "requires": {
            "@formatjs/intl-localematcher": "0.2.25",
            "tslib": "^2.1.0"
          }
        },
        "@formatjs/icu-messageformat-parser": {
          "version": "2.1.0",
          "resolved": "https://registry.npmjs.org/@formatjs/icu-messageformat-parser/-/icu-messageformat-parser-2.1.0.tgz",
          "integrity": "sha512-Qxv/lmCN6hKpBSss2uQ8IROVnta2r9jd3ymUEIjm2UyIkUCHVcbUVRGL/KS/wv7876edvsPe+hjHVJ4z8YuVaw==",
          "requires": {
            "@formatjs/ecma402-abstract": "1.11.4",
            "@formatjs/icu-skeleton-parser": "1.3.6",
            "tslib": "^2.1.0"
          }
        },
        "@formatjs/icu-skeleton-parser": {
          "version": "1.3.6",
          "resolved": "https://registry.npmjs.org/@formatjs/icu-skeleton-parser/-/icu-skeleton-parser-1.3.6.tgz",
          "integrity": "sha512-I96mOxvml/YLrwU2Txnd4klA7V8fRhb6JG/4hm3VMNmeJo1F03IpV2L3wWt7EweqNLES59SZ4d6hVOPCSf80Bg==",
          "requires": {
            "@formatjs/ecma402-abstract": "1.11.4",
            "tslib": "^2.1.0"
          }
        },
        "@formatjs/intl-localematcher": {
          "version": "0.2.25",
          "resolved": "https://registry.npmjs.org/@formatjs/intl-localematcher/-/intl-localematcher-0.2.25.tgz",
          "integrity": "sha512-YmLcX70BxoSopLFdLr1Ds99NdlTI2oWoLbaUW2M406lxOIPzE1KQhRz2fPUkq34xVZQaihCoU29h0KK7An3bhA==",
          "requires": {
            "tslib": "^2.1.0"
          }
        }
      }
    },
    "@formatjs/intl-displaynames": {
      "version": "5.4.3",
      "resolved": "https://registry.npmjs.org/@formatjs/intl-displaynames/-/intl-displaynames-5.4.3.tgz",
      "integrity": "sha512-4r12A3mS5dp5hnSaQCWBuBNfi9Amgx2dzhU4lTFfhSxgb5DOAiAbMpg6+7gpWZgl4ahsj3l2r/iHIjdmdXOE2Q==",
      "requires": {
        "@formatjs/ecma402-abstract": "1.11.4",
        "@formatjs/intl-localematcher": "0.2.25",
        "tslib": "^2.1.0"
      },
      "dependencies": {
        "@formatjs/ecma402-abstract": {
          "version": "1.11.4",
          "resolved": "https://registry.npmjs.org/@formatjs/ecma402-abstract/-/ecma402-abstract-1.11.4.tgz",
          "integrity": "sha512-EBikYFp2JCdIfGEb5G9dyCkTGDmC57KSHhRQOC3aYxoPWVZvfWCDjZwkGYHN7Lis/fmuWl906bnNTJifDQ3sXw==",
          "requires": {
            "@formatjs/intl-localematcher": "0.2.25",
            "tslib": "^2.1.0"
          }
        },
        "@formatjs/intl-localematcher": {
          "version": "0.2.25",
          "resolved": "https://registry.npmjs.org/@formatjs/intl-localematcher/-/intl-localematcher-0.2.25.tgz",
          "integrity": "sha512-YmLcX70BxoSopLFdLr1Ds99NdlTI2oWoLbaUW2M406lxOIPzE1KQhRz2fPUkq34xVZQaihCoU29h0KK7An3bhA==",
          "requires": {
            "tslib": "^2.1.0"
          }
        }
      }
    },
    "@formatjs/intl-listformat": {
      "version": "6.5.3",
      "resolved": "https://registry.npmjs.org/@formatjs/intl-listformat/-/intl-listformat-6.5.3.tgz",
      "integrity": "sha512-ozpz515F/+3CU+HnLi5DYPsLa6JoCfBggBSSg/8nOB5LYSFW9+ZgNQJxJ8tdhKYeODT+4qVHX27EeJLoxLGLNg==",
      "requires": {
        "@formatjs/ecma402-abstract": "1.11.4",
        "@formatjs/intl-localematcher": "0.2.25",
        "tslib": "^2.1.0"
      },
      "dependencies": {
        "@formatjs/ecma402-abstract": {
          "version": "1.11.4",
          "resolved": "https://registry.npmjs.org/@formatjs/ecma402-abstract/-/ecma402-abstract-1.11.4.tgz",
          "integrity": "sha512-EBikYFp2JCdIfGEb5G9dyCkTGDmC57KSHhRQOC3aYxoPWVZvfWCDjZwkGYHN7Lis/fmuWl906bnNTJifDQ3sXw==",
          "requires": {
            "@formatjs/intl-localematcher": "0.2.25",
            "tslib": "^2.1.0"
          }
        },
        "@formatjs/intl-localematcher": {
          "version": "0.2.25",
          "resolved": "https://registry.npmjs.org/@formatjs/intl-localematcher/-/intl-localematcher-0.2.25.tgz",
          "integrity": "sha512-YmLcX70BxoSopLFdLr1Ds99NdlTI2oWoLbaUW2M406lxOIPzE1KQhRz2fPUkq34xVZQaihCoU29h0KK7An3bhA==",
          "requires": {
            "tslib": "^2.1.0"
          }
        }
      }
    },
    "@formatjs/intl-localematcher": {
      "version": "0.2.27",
      "resolved": "https://registry.npmjs.org/@formatjs/intl-localematcher/-/intl-localematcher-0.2.27.tgz",
      "integrity": "sha512-XHYcVas2ebDTh3VtfdluvbTjqyMUHqFHARnuJo5KYF/0MKOTmozVSK7PJGnu1IEHdmRdTWuG6TB+2RnkasaxVw==",
      "requires": {
        "tslib": "2.4.0"
      }
    },
    "@formatjs/ts-transformer": {
      "version": "3.9.7",
      "resolved": "https://registry.npmjs.org/@formatjs/ts-transformer/-/ts-transformer-3.9.7.tgz",
      "integrity": "sha512-H7sYU+B+5MHKfzZzmKUMgpmiCC963hcb7WA8kGCHKkHxo4rEqAPyTbv87yO+eiEZ8SQFYKdmj4yFaSYQ/x/kaA==",
      "requires": {
        "@formatjs/icu-messageformat-parser": "2.1.2",
        "@types/json-stable-stringify": "^1.0.32",
        "@types/node": "14 || 16 || 17",
        "chalk": "^4.0.0",
        "json-stable-stringify": "^1.0.1",
        "tslib": "2.4.0",
        "typescript": "^4.5"
      }
    },
    "@types/hoist-non-react-statics": {
      "version": "3.3.1",
      "resolved": "https://registry.npmjs.org/@types/hoist-non-react-statics/-/hoist-non-react-statics-3.3.1.tgz",
      "integrity": "sha512-iMIqiko6ooLrTh1joXodJK5X9xeEALT1kM5G3ZLhD3hszxBdIEd5C75U834D9mLcINgD4OyZf5uQXjkuYydWvA==",
      "requires": {
        "@types/react": "*",
        "hoist-non-react-statics": "^3.3.0"
      }
    },
    "@types/json-stable-stringify": {
      "version": "1.0.34",
      "resolved": "https://registry.npmjs.org/@types/json-stable-stringify/-/json-stable-stringify-1.0.34.tgz",
      "integrity": "sha512-s2cfwagOQAS8o06TcwKfr9Wx11dNGbH2E9vJz1cqV+a/LOyhWNLUNd6JSRYNzvB4d29UuJX2M0Dj9vE1T8fRXw=="
    },
    "@types/node": {
      "version": "17.0.35",
      "resolved": "https://registry.npmjs.org/@types/node/-/node-17.0.35.tgz",
      "integrity": "sha512-vu1SrqBjbbZ3J6vwY17jBs8Sr/BKA+/a/WtjRG+whKg1iuLFOosq872EXS0eXWILdO36DHQQeku/ZcL6hz2fpg=="
    },
    "@types/prop-types": {
      "version": "15.7.5",
      "resolved": "https://registry.npmjs.org/@types/prop-types/-/prop-types-15.7.5.tgz",
      "integrity": "sha512-JCB8C6SnDoQf0cNycqd/35A7MjcnK+ZTqE7judS6o7utxUCg6imJg3QK2qzHKszlTjcj2cn+NwMB2i96ubpj7w=="
    },
    "@types/react": {
      "version": "18.0.9",
      "resolved": "https://registry.npmjs.org/@types/react/-/react-18.0.9.tgz",
      "integrity": "sha512-9bjbg1hJHUm4De19L1cHiW0Jvx3geel6Qczhjd0qY5VKVE2X5+x77YxAepuCwVh4vrgZJdgEJw48zrhRIeF4Nw==",
      "requires": {
        "@types/prop-types": "*",
        "@types/scheduler": "*",
        "csstype": "^3.0.2"
      }
    },
    "@types/scheduler": {
      "version": "0.16.2",
      "resolved": "https://registry.npmjs.org/@types/scheduler/-/scheduler-0.16.2.tgz",
      "integrity": "sha512-hppQEBDmlwhFAXKJX2KnWLYu5yMfi91yazPb2l+lbJiwW+wdo1gNeRA+3RgNSO39WYX2euey41KEwnqesU2Jew=="
    },
    "ansi-styles": {
      "version": "4.3.0",
      "resolved": "https://registry.npmjs.org/ansi-styles/-/ansi-styles-4.3.0.tgz",
      "integrity": "sha512-zbB9rCJAT1rbjiVDb2hqKFHNYLxgtk8NURxZ3IZwD3F6NtxbXZQCnnSi1Lkx+IDohdPlFp222wVALIheZJQSEg==",
      "requires": {
        "color-convert": "^2.0.1"
      }
    },
    "chalk": {
      "version": "4.1.2",
      "resolved": "https://registry.npmjs.org/chalk/-/chalk-4.1.2.tgz",
      "integrity": "sha512-oKnbhFyRIXpUuez8iBMmyEa4nbj4IOQyuhc/wy9kY7/WVPcwIO9VA668Pu8RkO7+0G76SLROeyw9CpQ061i4mA==",
      "requires": {
        "ansi-styles": "^4.1.0",
        "supports-color": "^7.1.0"
      }
    },
    "color-convert": {
      "version": "2.0.1",
      "resolved": "https://registry.npmjs.org/color-convert/-/color-convert-2.0.1.tgz",
      "integrity": "sha512-RRECPsj7iu/xb5oKYcsFHSppFNnsj/52OVTRKb4zP5onXwVF3zVmmToNcOfGC+CRDpfK/U584fMg38ZHCaElKQ==",
      "requires": {
        "color-name": "~1.1.4"
      }
    },
    "color-name": {
      "version": "1.1.4",
      "resolved": "https://registry.npmjs.org/color-name/-/color-name-1.1.4.tgz",
      "integrity": "sha512-dOy+3AuW3a2wNbZHIuMZpTcgjGuLU/uBL/ubcZF9OXbDo8ff4O8yVp5Bf0efS8uEoYo5q4Fx7dY9OgQGXgAsQA=="
    },
    "csstype": {
      "version": "3.1.0",
      "resolved": "https://registry.npmjs.org/csstype/-/csstype-3.1.0.tgz",
      "integrity": "sha512-uX1KG+x9h5hIJsaKR9xHUeUraxf8IODOwq9JLNPq6BwB04a/xgpq3rcx47l5BZu5zBPlgD342tdke3Hom/nJRA=="
    },
    "has-flag": {
      "version": "4.0.0",
      "resolved": "https://registry.npmjs.org/has-flag/-/has-flag-4.0.0.tgz",
      "integrity": "sha512-EykJT/Q1KjTWctppgIAgfSO0tKVuZUjhgMr17kqTumMl6Afv3EISleU7qZUzoXDFTAHTDC4NOoG/ZxU3EvlMPQ=="
    },
    "hoist-non-react-statics": {
      "version": "3.3.2",
      "resolved": "https://registry.npmjs.org/hoist-non-react-statics/-/hoist-non-react-statics-3.3.2.tgz",
      "integrity": "sha512-/gGivxi8JPKWNm/W0jSmzcMPpfpPLc3dY/6GxhX2hQ9iGj3aDfklV4ET7NjKpSinLpJ5vafa9iiGIEZg10SfBw==",
      "requires": {
        "react-is": "^16.7.0"
      }
    },
    "intl-messageformat": {
      "version": "9.13.0",
      "resolved": "https://registry.npmjs.org/intl-messageformat/-/intl-messageformat-9.13.0.tgz",
      "integrity": "sha512-7sGC7QnSQGa5LZP7bXLDhVDtQOeKGeBFGHF2Y8LVBwYZoQZCgWeKoPGTa5GMG8g/TzDgeXuYJQis7Ggiw2xTOw==",
      "requires": {
        "@formatjs/ecma402-abstract": "1.11.4",
        "@formatjs/fast-memoize": "1.2.1",
        "@formatjs/icu-messageformat-parser": "2.1.0",
        "tslib": "^2.1.0"
      },
      "dependencies": {
        "@formatjs/ecma402-abstract": {
          "version": "1.11.4",
          "resolved": "https://registry.npmjs.org/@formatjs/ecma402-abstract/-/ecma402-abstract-1.11.4.tgz",
          "integrity": "sha512-EBikYFp2JCdIfGEb5G9dyCkTGDmC57KSHhRQOC3aYxoPWVZvfWCDjZwkGYHN7Lis/fmuWl906bnNTJifDQ3sXw==",
          "requires": {
            "@formatjs/intl-localematcher": "0.2.25",
            "tslib": "^2.1.0"
          }
        },
        "@formatjs/icu-messageformat-parser": {
          "version": "2.1.0",
          "resolved": "https://registry.npmjs.org/@formatjs/icu-messageformat-parser/-/icu-messageformat-parser-2.1.0.tgz",
          "integrity": "sha512-Qxv/lmCN6hKpBSss2uQ8IROVnta2r9jd3ymUEIjm2UyIkUCHVcbUVRGL/KS/wv7876edvsPe+hjHVJ4z8YuVaw==",
          "requires": {
            "@formatjs/ecma402-abstract": "1.11.4",
            "@formatjs/icu-skeleton-parser": "1.3.6",
            "tslib": "^2.1.0"
          }
        },
        "@formatjs/icu-skeleton-parser": {
          "version": "1.3.6",
          "resolved": "https://registry.npmjs.org/@formatjs/icu-skeleton-parser/-/icu-skeleton-parser-1.3.6.tgz",
          "integrity": "sha512-I96mOxvml/YLrwU2Txnd4klA7V8fRhb6JG/4hm3VMNmeJo1F03IpV2L3wWt7EweqNLES59SZ4d6hVOPCSf80Bg==",
          "requires": {
            "@formatjs/ecma402-abstract": "1.11.4",
            "tslib": "^2.1.0"
          }
        },
        "@formatjs/intl-localematcher": {
          "version": "0.2.25",
          "resolved": "https://registry.npmjs.org/@formatjs/intl-localematcher/-/intl-localematcher-0.2.25.tgz",
          "integrity": "sha512-YmLcX70BxoSopLFdLr1Ds99NdlTI2oWoLbaUW2M406lxOIPzE1KQhRz2fPUkq34xVZQaihCoU29h0KK7An3bhA==",
          "requires": {
            "tslib": "^2.1.0"
          }
        }
      }
    },
    "js-tokens": {
      "version": "4.0.0",
      "resolved": "https://registry.npmjs.org/js-tokens/-/js-tokens-4.0.0.tgz",
      "integrity": "sha512-RdJUflcE3cUzKiMqQgsCu06FPu9UdIJO0beYbPhHN4k6apgJtifcoCtT9bcxOpYBtpD2kCM6Sbzg4CausW/PKQ=="
    },
    "json-stable-stringify": {
      "version": "1.0.1",
      "resolved": "https://registry.npmjs.org/json-stable-stringify/-/json-stable-stringify-1.0.1.tgz",
      "integrity": "sha1-mnWdOcXy/1A/1TAGRu1EX4jE+a8=",
      "requires": {
        "jsonify": "~0.0.0"
      }
    },
    "jsonify": {
      "version": "0.0.0",
      "resolved": "https://registry.npmjs.org/jsonify/-/jsonify-0.0.0.tgz",
      "integrity": "sha1-LHS27kHZPKUbe1qu6PUDYx0lKnM="
    },
    "loose-envify": {
      "version": "1.4.0",
      "resolved": "https://registry.npmjs.org/loose-envify/-/loose-envify-1.4.0.tgz",
      "integrity": "sha512-lyuxPGr/Wfhrlem2CL/UcnUc1zcqKAImBDzukY7Y5F/yQiNdko6+fRLevlw1HgMySw7f611UIY408EtxRSoK3Q==",
      "requires": {
        "js-tokens": "^3.0.0 || ^4.0.0"
      }
    },
    "object-assign": {
      "version": "4.1.1",
      "resolved": "https://registry.npmjs.org/object-assign/-/object-assign-4.1.1.tgz",
      "integrity": "sha1-IQmtx5ZYh8/AXLvUQsrIv7s2CGM="
    },
    "react": {
      "version": "17.0.2",
      "resolved": "https://registry.npmjs.org/react/-/react-17.0.2.tgz",
      "integrity": "sha512-gnhPt75i/dq/z3/6q/0asP78D0u592D5L1pd7M8P+dck6Fu/jJeL6iVVK23fptSUZj8Vjf++7wXA8UNclGQcbA==",
      "requires": {
        "loose-envify": "^1.1.0",
        "object-assign": "^4.1.1"
      }
    },
    "react-intl": {
      "version": "5.25.1",
      "resolved": "https://registry.npmjs.org/react-intl/-/react-intl-5.25.1.tgz",
      "integrity": "sha512-pkjdQDvpJROoXLMltkP/5mZb0/XqrqLoPGKUCfbdkP8m6U9xbK40K51Wu+a4aQqTEvEK5lHBk0fWzUV72SJ3Hg==",
      "requires": {
        "@formatjs/ecma402-abstract": "1.11.4",
        "@formatjs/icu-messageformat-parser": "2.1.0",
        "@formatjs/intl": "2.2.1",
        "@formatjs/intl-displaynames": "5.4.3",
        "@formatjs/intl-listformat": "6.5.3",
        "@types/hoist-non-react-statics": "^3.3.1",
        "@types/react": "16 || 17 || 18",
        "hoist-non-react-statics": "^3.3.2",
        "intl-messageformat": "9.13.0",
        "tslib": "^2.1.0"
      },
      "dependencies": {
        "@formatjs/ecma402-abstract": {
          "version": "1.11.4",
          "resolved": "https://registry.npmjs.org/@formatjs/ecma402-abstract/-/ecma402-abstract-1.11.4.tgz",
          "integrity": "sha512-EBikYFp2JCdIfGEb5G9dyCkTGDmC57KSHhRQOC3aYxoPWVZvfWCDjZwkGYHN7Lis/fmuWl906bnNTJifDQ3sXw==",
          "requires": {
            "@formatjs/intl-localematcher": "0.2.25",
            "tslib": "^2.1.0"
          }
        },
        "@formatjs/icu-messageformat-parser": {
          "version": "2.1.0",
          "resolved": "https://registry.npmjs.org/@formatjs/icu-messageformat-parser/-/icu-messageformat-parser-2.1.0.tgz",
          "integrity": "sha512-Qxv/lmCN6hKpBSss2uQ8IROVnta2r9jd3ymUEIjm2UyIkUCHVcbUVRGL/KS/wv7876edvsPe+hjHVJ4z8YuVaw==",
          "requires": {
            "@formatjs/ecma402-abstract": "1.11.4",
            "@formatjs/icu-skeleton-parser": "1.3.6",
            "tslib": "^2.1.0"
          }
        },
        "@formatjs/icu-skeleton-parser": {
          "version": "1.3.6",
          "resolved": "https://registry.npmjs.org/@formatjs/icu-skeleton-parser/-/icu-skeleton-parser-1.3.6.tgz",
          "integrity": "sha512-I96mOxvml/YLrwU2Txnd4klA7V8fRhb6JG/4hm3VMNmeJo1F03IpV2L3wWt7EweqNLES59SZ4d6hVOPCSf80Bg==",
          "requires": {
            "@formatjs/ecma402-abstract": "1.11.4",
            "tslib": "^2.1.0"
          }
        },
        "@formatjs/intl-localematcher": {
          "version": "0.2.25",
          "resolved": "https://registry.npmjs.org/@formatjs/intl-localematcher/-/intl-localematcher-0.2.25.tgz",
          "integrity": "sha512-YmLcX70BxoSopLFdLr1Ds99NdlTI2oWoLbaUW2M406lxOIPzE1KQhRz2fPUkq34xVZQaihCoU29h0KK7An3bhA==",
          "requires": {
            "tslib": "^2.1.0"
          }
        }
      }
    },
    "react-is": {
      "version": "16.13.1",
      "resolved": "https://registry.npmjs.org/react-is/-/react-is-16.13.1.tgz",
      "integrity": "sha512-24e6ynE2H+OKt4kqsOvNd8kBpV65zoxbA4BVsEOB3ARVWQki/DHzaUoC5KuON/BiccDaCCTZBuOcfZs70kR8bQ=="
    },
    "supports-color": {
      "version": "7.2.0",
      "resolved": "https://registry.npmjs.org/supports-color/-/supports-color-7.2.0.tgz",
      "integrity": "sha512-qpCAvRl9stuOHveKsn7HncJRvv501qIacKzQlO/+Lwxc9+0q2wLyv4Dfvt80/DPn2pqOBsJdDiogXGR9+OvwRw==",
      "requires": {
        "has-flag": "^4.0.0"
      }
    },
    "tslib": {
      "version": "2.4.0",
      "resolved": "https://registry.npmjs.org/tslib/-/tslib-2.4.0.tgz",
      "integrity": "sha512-d6xOpEDfsi2CZVlPQzGeux8XMwLT9hssAsaPYExaQMuYskwb+x1x7J371tWlbBdWHroy99KnVB6qIkUbs5X3UQ=="
    },
    "typescript": {
      "version": "4.7.2",
      "resolved": "https://registry.npmjs.org/typescript/-/typescript-4.7.2.tgz",
      "integrity": "sha512-Mamb1iX2FDUpcTRzltPxgWMKy3fhg0TN378ylbktPGPK/99KbDtMQ4W1hwgsbPAsG3a0xKa1vmw4VKZQbkvz5A=="
    }
  }
}
