{
  "name": "transformer-options",
  "lockfileVersion": 2,
  "requires": true,
  "packages": {
    "": {
      "dependencies": {
        "@formatjs/ts-transformer": "^3.6.0",
        "react": "^17.0.2",
        "react-intl": "^5.21.0"
      }
    },
    "node_modules/@formatjs/ecma402-abstract": {
      "version": "1.11.3",
      "resolved": "https://registry.npmjs.org/@formatjs/ecma402-abstract/-/ecma402-abstract-1.11.3.tgz",
      "integrity": "sha512-kP/Buv5vVFMAYLHNvvUzr0lwRTU0u2WTy44Tqwku1X3C3lJ5dKqDCYVqA8wL+Y19Bq+MwHgxqd5FZJRCIsLRyQ==",
      "dependencies": {
        "@formatjs/intl-localematcher": "0.2.24",
        "tslib": "^2.1.0"
      }
    },
    "node_modules/@formatjs/fast-memoize": {
      "version": "1.2.1",
      "resolved": "https://registry.npmjs.org/@formatjs/fast-memoize/-/fast-memoize-1.2.1.tgz",
      "integrity": "sha512-Rg0e76nomkz3vF9IPlKeV+Qynok0r7YZjL6syLz4/urSg0IbjPZCB/iYUMNsYA643gh4mgrX3T7KEIFIxJBQeg==",
      "dependencies": {
        "tslib": "^2.1.0"
      }
    },
    "node_modules/@formatjs/icu-messageformat-parser": {
      "version": "2.0.18",
      "resolved": "https://registry.npmjs.org/@formatjs/icu-messageformat-parser/-/icu-messageformat-parser-2.0.18.tgz",
      "integrity": "sha512-vquIzsAJJmZ5jWVH8dEgUKcbG4yu3KqtyPet+q35SW5reLOvblkfeCXTRW2TpIwNXzdVqsJBwjbTiRiSU9JxwQ==",
      "dependencies": {
        "@formatjs/ecma402-abstract": "1.11.3",
        "@formatjs/icu-skeleton-parser": "1.3.5",
        "tslib": "^2.1.0"
      }
    },
    "node_modules/@formatjs/icu-skeleton-parser": {
      "version": "1.3.5",
      "resolved": "https://registry.npmjs.org/@formatjs/icu-skeleton-parser/-/icu-skeleton-parser-1.3.5.tgz",
      "integrity": "sha512-Nhyo2/6kG7ZfgeEfo02sxviOuBcvtzH6SYUharj3DLCDJH3A/4OxkKcmx/2PWGX4bc6iSieh+FA94CsKDxnZBQ==",
      "dependencies": {
        "@formatjs/ecma402-abstract": "1.11.3",
        "tslib": "^2.1.0"
      }
    },
    "node_modules/@formatjs/intl": {
      "version": "2.0.0",
      "resolved": "https://registry.npmjs.org/@formatjs/intl/-/intl-2.0.0.tgz",
      "integrity": "sha512-EVVIhDeFVBxy7ej3IZFM/PNknM5QkGPUjMbl9PZvoB5q1/zmPQzTcDSqYxCEK+XfkrfT6XB1gHvfum+O8ASI1Q==",
      "dependencies": {
        "@formatjs/ecma402-abstract": "1.11.3",
        "@formatjs/fast-memoize": "1.2.1",
        "@formatjs/icu-messageformat-parser": "2.0.18",
        "@formatjs/intl-displaynames": "5.4.2",
        "@formatjs/intl-listformat": "6.5.2",
        "intl-messageformat": "9.11.4",
        "tslib": "^2.1.0"
      },
      "peerDependencies": {
        "typescript": "^4.5"
      },
      "peerDependenciesMeta": {
        "typescript": {
          "optional": true
        }
      }
    },
    "node_modules/@formatjs/intl-displaynames": {
      "version": "5.4.2",
      "resolved": "https://registry.npmjs.org/@formatjs/intl-displaynames/-/intl-displaynames-5.4.2.tgz",
      "integrity": "sha512-SLesCDan9NCMqBbHPXMEwqAcPn3tnbQw0sv0rssH1JQDLDUQYwKXL93kz30X3yskTyQS7N+pd47bhoIe3kbXyw==",
      "dependencies": {
        "@formatjs/ecma402-abstract": "1.11.3",
        "@formatjs/intl-localematcher": "0.2.24",
        "tslib": "^2.1.0"
      }
    },
    "node_modules/@formatjs/intl-listformat": {
      "version": "6.5.2",
      "resolved": "https://registry.npmjs.org/@formatjs/intl-listformat/-/intl-listformat-6.5.2.tgz",
      "integrity": "sha512-/IYagQJkzTvpBlhhaysGYNgM3o72WBg1ZWZcpookkgXEJbINwLP5kVagHxmgxffYKs1CDzQ8rmKHghu2qR/7zw==",
      "dependencies": {
        "@formatjs/ecma402-abstract": "1.11.3",
        "@formatjs/intl-localematcher": "0.2.24",
        "tslib": "^2.1.0"
      }
    },
    "node_modules/@formatjs/intl-localematcher": {
      "version": "0.2.24",
      "resolved": "https://registry.npmjs.org/@formatjs/intl-localematcher/-/intl-localematcher-0.2.24.tgz",
      "integrity": "sha512-K/HRGo6EMnCbhpth/y3u4rW4aXkmQNqRe1L2G+Y5jNr3v0gYhvaucV8WixNju/INAMbPBlbsRBRo/nfjnoOnxQ==",
      "dependencies": {
        "tslib": "^2.1.0"
      }
    },
    "node_modules/@formatjs/ts-transformer": {
      "version": "3.9.2",
      "resolved": "https://registry.npmjs.org/@formatjs/ts-transformer/-/ts-transformer-3.9.2.tgz",
      "integrity": "sha512-Iff+ca1ue3IOb/PDNANR6++EArwlyMpW+t6AL4MG5sordpgflsIh8BMz6nGs+/tUOjP0xioNAu/acYiQ+rW5Bw==",
      "dependencies": {
        "@formatjs/icu-messageformat-parser": "2.0.18",
        "@types/node": "14 || 16 || 17",
        "chalk": "^4.0.0",
        "tslib": "^2.1.0",
        "typescript": "^4.5"
      },
      "peerDependencies": {
        "ts-jest": "27"
      },
      "peerDependenciesMeta": {
        "ts-jest": {
          "optional": true
        }
      }
    },
    "node_modules/@types/hoist-non-react-statics": {
      "version": "3.3.1",
      "resolved": "https://registry.npmjs.org/@types/hoist-non-react-statics/-/hoist-non-react-statics-3.3.1.tgz",
      "integrity": "sha512-iMIqiko6ooLrTh1joXodJK5X9xeEALT1kM5G3ZLhD3hszxBdIEd5C75U834D9mLcINgD4OyZf5uQXjkuYydWvA==",
      "dependencies": {
        "@types/react": "*",
        "hoist-non-react-statics": "^3.3.0"
      }
    },
    "node_modules/@types/node": {
      "version": "17.0.21",
      "resolved": "https://registry.npmjs.org/@types/node/-/node-17.0.21.tgz",
      "integrity": "sha512-DBZCJbhII3r90XbQxI8Y9IjjiiOGlZ0Hr32omXIZvwwZ7p4DMMXGrKXVyPfuoBOri9XNtL0UK69jYIBIsRX3QQ=="
    },
    "node_modules/@types/prop-types": {
      "version": "15.7.4",
      "resolved": "https://registry.npmjs.org/@types/prop-types/-/prop-types-15.7.4.tgz",
      "integrity": "sha512-rZ5drC/jWjrArrS8BR6SIr4cWpW09RNTYt9AMZo3Jwwif+iacXAqgVjm0B0Bv/S1jhDXKHqRVNCbACkJ89RAnQ=="
    },
    "node_modules/@types/react": {
      "version": "17.0.40",
      "resolved": "https://registry.npmjs.org/@types/react/-/react-17.0.40.tgz",
      "integrity": "sha512-UrXhD/JyLH+W70nNSufXqMZNuUD2cXHu6UjCllC6pmOQgBX4SGXOH8fjRka0O0Ee0HrFxapDD8Bwn81Kmiz6jQ==",
      "dependencies": {
        "@types/prop-types": "*",
        "@types/scheduler": "*",
        "csstype": "^3.0.2"
      }
    },
    "node_modules/@types/scheduler": {
      "version": "0.16.2",
      "resolved": "https://registry.npmjs.org/@types/scheduler/-/scheduler-0.16.2.tgz",
      "integrity": "sha512-hppQEBDmlwhFAXKJX2KnWLYu5yMfi91yazPb2l+lbJiwW+wdo1gNeRA+3RgNSO39WYX2euey41KEwnqesU2Jew=="
    },
    "node_modules/ansi-styles": {
      "version": "4.3.0",
      "resolved": "https://registry.npmjs.org/ansi-styles/-/ansi-styles-4.3.0.tgz",
      "integrity": "sha512-zbB9rCJAT1rbjiVDb2hqKFHNYLxgtk8NURxZ3IZwD3F6NtxbXZQCnnSi1Lkx+IDohdPlFp222wVALIheZJQSEg==",
      "dependencies": {
        "color-convert": "^2.0.1"
      },
      "engines": {
        "node": ">=8"
      },
      "funding": {
        "url": "https://github.com/chalk/ansi-styles?sponsor=1"
      }
    },
    "node_modules/chalk": {
      "version": "4.1.2",
      "resolved": "https://registry.npmjs.org/chalk/-/chalk-4.1.2.tgz",
      "integrity": "sha512-oKnbhFyRIXpUuez8iBMmyEa4nbj4IOQyuhc/wy9kY7/WVPcwIO9VA668Pu8RkO7+0G76SLROeyw9CpQ061i4mA==",
      "dependencies": {
        "ansi-styles": "^4.1.0",
        "supports-color": "^7.1.0"
      },
      "engines": {
        "node": ">=10"
      },
      "funding": {
        "url": "https://github.com/chalk/chalk?sponsor=1"
      }
    },
    "node_modules/color-convert": {
      "version": "2.0.1",
      "resolved": "https://registry.npmjs.org/color-convert/-/color-convert-2.0.1.tgz",
      "integrity": "sha512-RRECPsj7iu/xb5oKYcsFHSppFNnsj/52OVTRKb4zP5onXwVF3zVmmToNcOfGC+CRDpfK/U584fMg38ZHCaElKQ==",
      "dependencies": {
        "color-name": "~1.1.4"
      },
      "engines": {
        "node": ">=7.0.0"
      }
    },
    "node_modules/color-name": {
      "version": "1.1.4",
      "resolved": "https://registry.npmjs.org/color-name/-/color-name-1.1.4.tgz",
      "integrity": "sha512-dOy+3AuW3a2wNbZHIuMZpTcgjGuLU/uBL/ubcZF9OXbDo8ff4O8yVp5Bf0efS8uEoYo5q4Fx7dY9OgQGXgAsQA=="
    },
    "node_modules/csstype": {
      "version": "3.0.11",
      "resolved": "https://registry.npmjs.org/csstype/-/csstype-3.0.11.tgz",
      "integrity": "sha512-sa6P2wJ+CAbgyy4KFssIb/JNMLxFvKF1pCYCSXS8ZMuqZnMsrxqI2E5sPyoTpxoPU/gVZMzr2zjOfg8GIZOMsw=="
    },
    "node_modules/has-flag": {
      "version": "4.0.0",
      "resolved": "https://registry.npmjs.org/has-flag/-/has-flag-4.0.0.tgz",
      "integrity": "sha512-EykJT/Q1KjTWctppgIAgfSO0tKVuZUjhgMr17kqTumMl6Afv3EISleU7qZUzoXDFTAHTDC4NOoG/ZxU3EvlMPQ==",
      "engines": {
        "node": ">=8"
      }
    },
    "node_modules/hoist-non-react-statics": {
      "version": "3.3.2",
      "resolved": "https://registry.npmjs.org/hoist-non-react-statics/-/hoist-non-react-statics-3.3.2.tgz",
      "integrity": "sha512-/gGivxi8JPKWNm/W0jSmzcMPpfpPLc3dY/6GxhX2hQ9iGj3aDfklV4ET7NjKpSinLpJ5vafa9iiGIEZg10SfBw==",
      "dependencies": {
        "react-is": "^16.7.0"
      }
    },
    "node_modules/intl-messageformat": {
      "version": "9.11.4",
      "resolved": "https://registry.npmjs.org/intl-messageformat/-/intl-messageformat-9.11.4.tgz",
      "integrity": "sha512-77TSkNubIy/hsapz6LQpyR6OADcxhWdhSaboPb5flMaALCVkPvAIxr48AlPqaMl4r1anNcvR9rpLWVdwUY1IKg==",
      "dependencies": {
        "@formatjs/ecma402-abstract": "1.11.3",
        "@formatjs/fast-memoize": "1.2.1",
        "@formatjs/icu-messageformat-parser": "2.0.18",
        "tslib": "^2.1.0"
      }
    },
    "node_modules/js-tokens": {
      "version": "4.0.0",
      "resolved": "https://registry.npmjs.org/js-tokens/-/js-tokens-4.0.0.tgz",
      "integrity": "sha512-RdJUflcE3cUzKiMqQgsCu06FPu9UdIJO0beYbPhHN4k6apgJtifcoCtT9bcxOpYBtpD2kCM6Sbzg4CausW/PKQ=="
    },
    "node_modules/loose-envify": {
      "version": "1.4.0",
      "resolved": "https://registry.npmjs.org/loose-envify/-/loose-envify-1.4.0.tgz",
      "integrity": "sha512-lyuxPGr/Wfhrlem2CL/UcnUc1zcqKAImBDzukY7Y5F/yQiNdko6+fRLevlw1HgMySw7f611UIY408EtxRSoK3Q==",
      "dependencies": {
        "js-tokens": "^3.0.0 || ^4.0.0"
      },
      "bin": {
        "loose-envify": "cli.js"
      }
    },
    "node_modules/object-assign": {
      "version": "4.1.1",
      "resolved": "https://registry.npmjs.org/object-assign/-/object-assign-4.1.1.tgz",
      "integrity": "sha1-IQmtx5ZYh8/AXLvUQsrIv7s2CGM=",
      "engines": {
        "node": ">=0.10.0"
      }
    },
    "node_modules/react": {
      "version": "17.0.2",
      "resolved": "https://registry.npmjs.org/react/-/react-17.0.2.tgz",
      "integrity": "sha512-gnhPt75i/dq/z3/6q/0asP78D0u592D5L1pd7M8P+dck6Fu/jJeL6iVVK23fptSUZj8Vjf++7wXA8UNclGQcbA==",
      "dependencies": {
        "loose-envify": "^1.1.0",
        "object-assign": "^4.1.1"
      },
      "engines": {
        "node": ">=0.10.0"
      }
    },
    "node_modules/react-intl": {
      "version": "5.24.6",
      "resolved": "https://registry.npmjs.org/react-intl/-/react-intl-5.24.6.tgz",
      "integrity": "sha512-6gUhQwNAeAoRpN6F3N+bR66aot/mI6yduRwQS5ajfmXHX/YFvOfINkgMFTTrcbf3+qjBhACNU3ek4wFt6cn2ww==",
      "dependencies": {
        "@formatjs/ecma402-abstract": "1.11.3",
        "@formatjs/icu-messageformat-parser": "2.0.18",
        "@formatjs/intl": "2.0.0",
        "@formatjs/intl-displaynames": "5.4.2",
        "@formatjs/intl-listformat": "6.5.2",
        "@types/hoist-non-react-statics": "^3.3.1",
        "@types/react": "16 || 17",
        "hoist-non-react-statics": "^3.3.2",
        "intl-messageformat": "9.11.4",
        "tslib": "^2.1.0"
      },
      "peerDependencies": {
        "react": "^16.3.0 || 17",
        "typescript": "^4.5"
      },
      "peerDependenciesMeta": {
        "typescript": {
          "optional": true
        }
      }
    },
    "node_modules/react-is": {
      "version": "16.13.1",
      "resolved": "https://registry.npmjs.org/react-is/-/react-is-16.13.1.tgz",
      "integrity": "sha512-24e6ynE2H+OKt4kqsOvNd8kBpV65zoxbA4BVsEOB3ARVWQki/DHzaUoC5KuON/BiccDaCCTZBuOcfZs70kR8bQ=="
    },
    "node_modules/supports-color": {
      "version": "7.2.0",
      "resolved": "https://registry.npmjs.org/supports-color/-/supports-color-7.2.0.tgz",
      "integrity": "sha512-qpCAvRl9stuOHveKsn7HncJRvv501qIacKzQlO/+Lwxc9+0q2wLyv4Dfvt80/DPn2pqOBsJdDiogXGR9+OvwRw==",
      "dependencies": {
        "has-flag": "^4.0.0"
      },
      "engines": {
        "node": ">=8"
      }
    },
    "node_modules/tslib": {
      "version": "2.3.1",
      "resolved": "https://registry.npmjs.org/tslib/-/tslib-2.3.1.tgz",
      "integrity": "sha512-77EbyPPpMz+FRFRuAFlWMtmgUWGe9UOG2Z25NqCwiIjRhOf5iKGuzSe5P2w1laq+FkRy4p+PCuVkJSGkzTEKVw=="
    },
    "node_modules/typescript": {
      "version": "4.6.2",
      "resolved": "https://registry.npmjs.org/typescript/-/typescript-4.6.2.tgz",
      "integrity": "sha512-HM/hFigTBHZhLXshn9sN37H085+hQGeJHJ/X7LpBWLID/fbc2acUMfU+lGD98X81sKP+pFa9f0DZmCwB9GnbAg==",
      "bin": {
        "tsc": "bin/tsc",
        "tsserver": "bin/tsserver"
      },
      "engines": {
        "node": ">=4.2.0"
      }
    }
  },
  "dependencies": {
    "@formatjs/ecma402-abstract": {
      "version": "1.11.3",
      "resolved": "https://registry.npmjs.org/@formatjs/ecma402-abstract/-/ecma402-abstract-1.11.3.tgz",
      "integrity": "sha512-kP/Buv5vVFMAYLHNvvUzr0lwRTU0u2WTy44Tqwku1X3C3lJ5dKqDCYVqA8wL+Y19Bq+MwHgxqd5FZJRCIsLRyQ==",
      "requires": {
        "@formatjs/intl-localematcher": "0.2.24",
        "tslib": "^2.1.0"
      }
    },
    "@formatjs/fast-memoize": {
      "version": "1.2.1",
      "resolved": "https://registry.npmjs.org/@formatjs/fast-memoize/-/fast-memoize-1.2.1.tgz",
      "integrity": "sha512-Rg0e76nomkz3vF9IPlKeV+Qynok0r7YZjL6syLz4/urSg0IbjPZCB/iYUMNsYA643gh4mgrX3T7KEIFIxJBQeg==",
      "requires": {
        "tslib": "^2.1.0"
      }
    },
    "@formatjs/icu-messageformat-parser": {
      "version": "2.0.18",
      "resolved": "https://registry.npmjs.org/@formatjs/icu-messageformat-parser/-/icu-messageformat-parser-2.0.18.tgz",
      "integrity": "sha512-vquIzsAJJmZ5jWVH8dEgUKcbG4yu3KqtyPet+q35SW5reLOvblkfeCXTRW2TpIwNXzdVqsJBwjbTiRiSU9JxwQ==",
      "requires": {
        "@formatjs/ecma402-abstract": "1.11.3",
        "@formatjs/icu-skeleton-parser": "1.3.5",
        "tslib": "^2.1.0"
      }
    },
    "@formatjs/icu-skeleton-parser": {
      "version": "1.3.5",
      "resolved": "https://registry.npmjs.org/@formatjs/icu-skeleton-parser/-/icu-skeleton-parser-1.3.5.tgz",
      "integrity": "sha512-Nhyo2/6kG7ZfgeEfo02sxviOuBcvtzH6SYUharj3DLCDJH3A/4OxkKcmx/2PWGX4bc6iSieh+FA94CsKDxnZBQ==",
      "requires": {
        "@formatjs/ecma402-abstract": "1.11.3",
        "tslib": "^2.1.0"
      }
    },
    "@formatjs/intl": {
      "version": "2.0.0",
      "resolved": "https://registry.npmjs.org/@formatjs/intl/-/intl-2.0.0.tgz",
      "integrity": "sha512-EVVIhDeFVBxy7ej3IZFM/PNknM5QkGPUjMbl9PZvoB5q1/zmPQzTcDSqYxCEK+XfkrfT6XB1gHvfum+O8ASI1Q==",
      "requires": {
        "@formatjs/ecma402-abstract": "1.11.3",
        "@formatjs/fast-memoize": "1.2.1",
        "@formatjs/icu-messageformat-parser": "2.0.18",
        "@formatjs/intl-displaynames": "5.4.2",
        "@formatjs/intl-listformat": "6.5.2",
        "intl-messageformat": "9.11.4",
        "tslib": "^2.1.0"
      }
    },
    "@formatjs/intl-displaynames": {
      "version": "5.4.2",
      "resolved": "https://registry.npmjs.org/@formatjs/intl-displaynames/-/intl-displaynames-5.4.2.tgz",
      "integrity": "sha512-SLesCDan9NCMqBbHPXMEwqAcPn3tnbQw0sv0rssH1JQDLDUQYwKXL93kz30X3yskTyQS7N+pd47bhoIe3kbXyw==",
      "requires": {
        "@formatjs/ecma402-abstract": "1.11.3",
        "@formatjs/intl-localematcher": "0.2.24",
        "tslib": "^2.1.0"
      }
    },
    "@formatjs/intl-listformat": {
      "version": "6.5.2",
      "resolved": "https://registry.npmjs.org/@formatjs/intl-listformat/-/intl-listformat-6.5.2.tgz",
      "integrity": "sha512-/IYagQJkzTvpBlhhaysGYNgM3o72WBg1ZWZcpookkgXEJbINwLP5kVagHxmgxffYKs1CDzQ8rmKHghu2qR/7zw==",
      "requires": {
        "@formatjs/ecma402-abstract": "1.11.3",
        "@formatjs/intl-localematcher": "0.2.24",
        "tslib": "^2.1.0"
      }
    },
    "@formatjs/intl-localematcher": {
      "version": "0.2.24",
      "resolved": "https://registry.npmjs.org/@formatjs/intl-localematcher/-/intl-localematcher-0.2.24.tgz",
      "integrity": "sha512-K/HRGo6EMnCbhpth/y3u4rW4aXkmQNqRe1L2G+Y5jNr3v0gYhvaucV8WixNju/INAMbPBlbsRBRo/nfjnoOnxQ==",
      "requires": {
        "tslib": "^2.1.0"
      }
    },
    "@formatjs/ts-transformer": {
      "version": "3.9.2",
      "resolved": "https://registry.npmjs.org/@formatjs/ts-transformer/-/ts-transformer-3.9.2.tgz",
      "integrity": "sha512-Iff+ca1ue3IOb/PDNANR6++EArwlyMpW+t6AL4MG5sordpgflsIh8BMz6nGs+/tUOjP0xioNAu/acYiQ+rW5Bw==",
      "requires": {
        "@formatjs/icu-messageformat-parser": "2.0.18",
        "@types/node": "14 || 16 || 17",
        "chalk": "^4.0.0",
        "tslib": "^2.1.0",
        "typescript": "^4.5"
      }
    },
    "@types/hoist-non-react-statics": {
      "version": "3.3.1",
      "resolved": "https://registry.npmjs.org/@types/hoist-non-react-statics/-/hoist-non-react-statics-3.3.1.tgz",
      "integrity": "sha512-iMIqiko6ooLrTh1joXodJK5X9xeEALT1kM5G3ZLhD3hszxBdIEd5C75U834D9mLcINgD4OyZf5uQXjkuYydWvA==",
      "requires": {
        "@types/react": "*",
        "hoist-non-react-statics": "^3.3.0"
      }
    },
    "@types/node": {
      "version": "17.0.21",
      "resolved": "https://registry.npmjs.org/@types/node/-/node-17.0.21.tgz",
      "integrity": "sha512-DBZCJbhII3r90XbQxI8Y9IjjiiOGlZ0Hr32omXIZvwwZ7p4DMMXGrKXVyPfuoBOri9XNtL0UK69jYIBIsRX3QQ=="
    },
    "@types/prop-types": {
      "version": "15.7.4",
      "resolved": "https://registry.npmjs.org/@types/prop-types/-/prop-types-15.7.4.tgz",
      "integrity": "sha512-rZ5drC/jWjrArrS8BR6SIr4cWpW09RNTYt9AMZo3Jwwif+iacXAqgVjm0B0Bv/S1jhDXKHqRVNCbACkJ89RAnQ=="
    },
    "@types/react": {
      "version": "17.0.40",
      "resolved": "https://registry.npmjs.org/@types/react/-/react-17.0.40.tgz",
      "integrity": "sha512-UrXhD/JyLH+W70nNSufXqMZNuUD2cXHu6UjCllC6pmOQgBX4SGXOH8fjRka0O0Ee0HrFxapDD8Bwn81Kmiz6jQ==",
      "requires": {
        "@types/prop-types": "*",
        "@types/scheduler": "*",
        "csstype": "^3.0.2"
      }
    },
    "@types/scheduler": {
      "version": "0.16.2",
      "resolved": "https://registry.npmjs.org/@types/scheduler/-/scheduler-0.16.2.tgz",
      "integrity": "sha512-hppQEBDmlwhFAXKJX2KnWLYu5yMfi91yazPb2l+lbJiwW+wdo1gNeRA+3RgNSO39WYX2euey41KEwnqesU2Jew=="
    },
    "ansi-styles": {
      "version": "4.3.0",
      "resolved": "https://registry.npmjs.org/ansi-styles/-/ansi-styles-4.3.0.tgz",
      "integrity": "sha512-zbB9rCJAT1rbjiVDb2hqKFHNYLxgtk8NURxZ3IZwD3F6NtxbXZQCnnSi1Lkx+IDohdPlFp222wVALIheZJQSEg==",
      "requires": {
        "color-convert": "^2.0.1"
      }
    },
    "chalk": {
      "version": "4.1.2",
      "resolved": "https://registry.npmjs.org/chalk/-/chalk-4.1.2.tgz",
      "integrity": "sha512-oKnbhFyRIXpUuez8iBMmyEa4nbj4IOQyuhc/wy9kY7/WVPcwIO9VA668Pu8RkO7+0G76SLROeyw9CpQ061i4mA==",
      "requires": {
        "ansi-styles": "^4.1.0",
        "supports-color": "^7.1.0"
      }
    },
    "color-convert": {
      "version": "2.0.1",
      "resolved": "https://registry.npmjs.org/color-convert/-/color-convert-2.0.1.tgz",
      "integrity": "sha512-RRECPsj7iu/xb5oKYcsFHSppFNnsj/52OVTRKb4zP5onXwVF3zVmmToNcOfGC+CRDpfK/U584fMg38ZHCaElKQ==",
      "requires": {
        "color-name": "~1.1.4"
      }
    },
    "color-name": {
      "version": "1.1.4",
      "resolved": "https://registry.npmjs.org/color-name/-/color-name-1.1.4.tgz",
      "integrity": "sha512-dOy+3AuW3a2wNbZHIuMZpTcgjGuLU/uBL/ubcZF9OXbDo8ff4O8yVp5Bf0efS8uEoYo5q4Fx7dY9OgQGXgAsQA=="
    },
    "csstype": {
      "version": "3.0.11",
      "resolved": "https://registry.npmjs.org/csstype/-/csstype-3.0.11.tgz",
      "integrity": "sha512-sa6P2wJ+CAbgyy4KFssIb/JNMLxFvKF1pCYCSXS8ZMuqZnMsrxqI2E5sPyoTpxoPU/gVZMzr2zjOfg8GIZOMsw=="
    },
    "has-flag": {
      "version": "4.0.0",
      "resolved": "https://registry.npmjs.org/has-flag/-/has-flag-4.0.0.tgz",
      "integrity": "sha512-EykJT/Q1KjTWctppgIAgfSO0tKVuZUjhgMr17kqTumMl6Afv3EISleU7qZUzoXDFTAHTDC4NOoG/ZxU3EvlMPQ=="
    },
    "hoist-non-react-statics": {
      "version": "3.3.2",
      "resolved": "https://registry.npmjs.org/hoist-non-react-statics/-/hoist-non-react-statics-3.3.2.tgz",
      "integrity": "sha512-/gGivxi8JPKWNm/W0jSmzcMPpfpPLc3dY/6GxhX2hQ9iGj3aDfklV4ET7NjKpSinLpJ5vafa9iiGIEZg10SfBw==",
      "requires": {
        "react-is": "^16.7.0"
      }
    },
    "intl-messageformat": {
      "version": "9.11.4",
      "resolved": "https://registry.npmjs.org/intl-messageformat/-/intl-messageformat-9.11.4.tgz",
      "integrity": "sha512-77TSkNubIy/hsapz6LQpyR6OADcxhWdhSaboPb5flMaALCVkPvAIxr48AlPqaMl4r1anNcvR9rpLWVdwUY1IKg==",
      "requires": {
        "@formatjs/ecma402-abstract": "1.11.3",
        "@formatjs/fast-memoize": "1.2.1",
        "@formatjs/icu-messageformat-parser": "2.0.18",
        "tslib": "^2.1.0"
      }
    },
    "js-tokens": {
      "version": "4.0.0",
      "resolved": "https://registry.npmjs.org/js-tokens/-/js-tokens-4.0.0.tgz",
      "integrity": "sha512-RdJUflcE3cUzKiMqQgsCu06FPu9UdIJO0beYbPhHN4k6apgJtifcoCtT9bcxOpYBtpD2kCM6Sbzg4CausW/PKQ=="
    },
    "loose-envify": {
      "version": "1.4.0",
      "resolved": "https://registry.npmjs.org/loose-envify/-/loose-envify-1.4.0.tgz",
      "integrity": "sha512-lyuxPGr/Wfhrlem2CL/UcnUc1zcqKAImBDzukY7Y5F/yQiNdko6+fRLevlw1HgMySw7f611UIY408EtxRSoK3Q==",
      "requires": {
        "js-tokens": "^3.0.0 || ^4.0.0"
      }
    },
    "object-assign": {
      "version": "4.1.1",
      "resolved": "https://registry.npmjs.org/object-assign/-/object-assign-4.1.1.tgz",
      "integrity": "sha1-IQmtx5ZYh8/AXLvUQsrIv7s2CGM="
    },
    "react": {
      "version": "17.0.2",
      "resolved": "https://registry.npmjs.org/react/-/react-17.0.2.tgz",
      "integrity": "sha512-gnhPt75i/dq/z3/6q/0asP78D0u592D5L1pd7M8P+dck6Fu/jJeL6iVVK23fptSUZj8Vjf++7wXA8UNclGQcbA==",
      "requires": {
        "loose-envify": "^1.1.0",
        "object-assign": "^4.1.1"
      }
    },
    "react-intl": {
      "version": "5.24.6",
      "resolved": "https://registry.npmjs.org/react-intl/-/react-intl-5.24.6.tgz",
      "integrity": "sha512-6gUhQwNAeAoRpN6F3N+bR66aot/mI6yduRwQS5ajfmXHX/YFvOfINkgMFTTrcbf3+qjBhACNU3ek4wFt6cn2ww==",
      "requires": {
        "@formatjs/ecma402-abstract": "1.11.3",
        "@formatjs/icu-messageformat-parser": "2.0.18",
        "@formatjs/intl": "2.0.0",
        "@formatjs/intl-displaynames": "5.4.2",
        "@formatjs/intl-listformat": "6.5.2",
        "@types/hoist-non-react-statics": "^3.3.1",
        "@types/react": "16 || 17",
        "hoist-non-react-statics": "^3.3.2",
        "intl-messageformat": "9.11.4",
        "tslib": "^2.1.0"
      }
    },
    "react-is": {
      "version": "16.13.1",
      "resolved": "https://registry.npmjs.org/react-is/-/react-is-16.13.1.tgz",
      "integrity": "sha512-24e6ynE2H+OKt4kqsOvNd8kBpV65zoxbA4BVsEOB3ARVWQki/DHzaUoC5KuON/BiccDaCCTZBuOcfZs70kR8bQ=="
    },
    "supports-color": {
      "version": "7.2.0",
      "resolved": "https://registry.npmjs.org/supports-color/-/supports-color-7.2.0.tgz",
      "integrity": "sha512-qpCAvRl9stuOHveKsn7HncJRvv501qIacKzQlO/+Lwxc9+0q2wLyv4Dfvt80/DPn2pqOBsJdDiogXGR9+OvwRw==",
      "requires": {
        "has-flag": "^4.0.0"
      }
    },
    "tslib": {
      "version": "2.3.1",
      "resolved": "https://registry.npmjs.org/tslib/-/tslib-2.3.1.tgz",
      "integrity": "sha512-77EbyPPpMz+FRFRuAFlWMtmgUWGe9UOG2Z25NqCwiIjRhOf5iKGuzSe5P2w1laq+FkRy4p+PCuVkJSGkzTEKVw=="
    },
    "typescript": {
      "version": "4.6.2",
      "resolved": "https://registry.npmjs.org/typescript/-/typescript-4.6.2.tgz",
      "integrity": "sha512-HM/hFigTBHZhLXshn9sN37H085+hQGeJHJ/X7LpBWLID/fbc2acUMfU+lGD98X81sKP+pFa9f0DZmCwB9GnbAg=="
    }
  }
}
