{
  "name": "transformer-in-ts",
  "lockfileVersion": 2,
  "requires": true,
  "packages": {
    "": {
      "dependencies": {
        "esbuild": "~0.17.3"
      }
    },
    "node_modules/@esbuild/android-arm": {
      "version": "0.17.3",
      "resolved": "https://registry.npmjs.org/@esbuild/android-arm/-/android-arm-0.17.3.tgz",
      "integrity": "sha512-1Mlz934GvbgdDmt26rTLmf03cAgLg5HyOgJN+ZGCeP3Q9ynYTNMn2/LQxIl7Uy+o4K6Rfi2OuLsr12JQQR8gNg==",
      "cpu": [
        "arm"
      ],
      "optional": true,
      "os": [
        "android"
      ],
      "engines": {
        "node": ">=12"
      }
    },
    "node_modules/@esbuild/android-arm64": {
      "version": "0.17.3",
      "resolved": "https://registry.npmjs.org/@esbuild/android-arm64/-/android-arm64-0.17.3.tgz",
      "integrity": "sha512-XvJsYo3dO3Pi4kpalkyMvfQsjxPWHYjoX4MDiB/FUM4YMfWcXa5l4VCwFWVYI1+92yxqjuqrhNg0CZg3gSouyQ==",
      "cpu": [
        "arm64"
      ],
      "optional": true,
      "os": [
        "android"
      ],
      "engines": {
        "node": ">=12"
      }
    },
    "node_modules/@esbuild/android-x64": {
      "version": "0.17.3",
      "resolved": "https://registry.npmjs.org/@esbuild/android-x64/-/android-x64-0.17.3.tgz",
      "integrity": "sha512-nuV2CmLS07Gqh5/GrZLuqkU9Bm6H6vcCspM+zjp9TdQlxJtIe+qqEXQChmfc7nWdyr/yz3h45Utk1tUn8Cz5+A==",
      "cpu": [
        "x64"
      ],
      "optional": true,
      "os": [
        "android"
      ],
      "engines": {
        "node": ">=12"
      }
    },
    "node_modules/@esbuild/darwin-arm64": {
      "version": "0.17.3",
      "resolved": "https://registry.npmjs.org/@esbuild/darwin-arm64/-/darwin-arm64-0.17.3.tgz",
      "integrity": "sha512-01Hxaaat6m0Xp9AXGM8mjFtqqwDjzlMP0eQq9zll9U85ttVALGCGDuEvra5Feu/NbP5AEP1MaopPwzsTcUq1cw==",
      "cpu": [
        "arm64"
      ],
      "optional": true,
      "os": [
        "darwin"
      ],
      "engines": {
        "node": ">=12"
      }
    },
    "node_modules/@esbuild/darwin-x64": {
      "version": "0.17.3",
      "resolved": "https://registry.npmjs.org/@esbuild/darwin-x64/-/darwin-x64-0.17.3.tgz",
      "integrity": "sha512-Eo2gq0Q/er2muf8Z83X21UFoB7EU6/m3GNKvrhACJkjVThd0uA+8RfKpfNhuMCl1bKRfBzKOk6xaYKQZ4lZqvA==",
      "cpu": [
        "x64"
      ],
      "optional": true,
      "os": [
        "darwin"
      ],
      "engines": {
        "node": ">=12"
      }
    },
    "node_modules/@esbuild/freebsd-arm64": {
      "version": "0.17.3",
      "resolved": "https://registry.npmjs.org/@esbuild/freebsd-arm64/-/freebsd-arm64-0.17.3.tgz",
      "integrity": "sha512-CN62ESxaquP61n1ZjQP/jZte8CE09M6kNn3baos2SeUfdVBkWN5n6vGp2iKyb/bm/x4JQzEvJgRHLGd5F5b81w==",
      "cpu": [
        "arm64"
      ],
      "optional": true,
      "os": [
        "freebsd"
      ],
      "engines": {
        "node": ">=12"
      }
    },
    "node_modules/@esbuild/freebsd-x64": {
      "version": "0.17.3",
      "resolved": "https://registry.npmjs.org/@esbuild/freebsd-x64/-/freebsd-x64-0.17.3.tgz",
      "integrity": "sha512-feq+K8TxIznZE+zhdVurF3WNJ/Sa35dQNYbaqM/wsCbWdzXr5lyq+AaTUSER2cUR+SXPnd/EY75EPRjf4s1SLg==",
      "cpu": [
        "x64"
      ],
      "optional": true,
      "os": [
        "freebsd"
      ],
      "engines": {
        "node": ">=12"
      }
    },
    "node_modules/@esbuild/linux-arm": {
      "version": "0.17.3",
      "resolved": "https://registry.npmjs.org/@esbuild/linux-arm/-/linux-arm-0.17.3.tgz",
      "integrity": "sha512-CLP3EgyNuPcg2cshbwkqYy5bbAgK+VhyfMU7oIYyn+x4Y67xb5C5ylxsNUjRmr8BX+MW3YhVNm6Lq6FKtRTWHQ==",
      "cpu": [
        "arm"
      ],
      "optional": true,
      "os": [
        "linux"
      ],
      "engines": {
        "node": ">=12"
      }
    },
    "node_modules/@esbuild/linux-arm64": {
      "version": "0.17.3",
      "resolved": "https://registry.npmjs.org/@esbuild/linux-arm64/-/linux-arm64-0.17.3.tgz",
      "integrity": "sha512-JHeZXD4auLYBnrKn6JYJ0o5nWJI9PhChA/Nt0G4MvLaMrvXuWnY93R3a7PiXeJQphpL1nYsaMcoV2QtuvRnF/g==",
      "cpu": [
        "arm64"
      ],
      "optional": true,
      "os": [
        "linux"
      ],
      "engines": {
        "node": ">=12"
      }
    },
    "node_modules/@esbuild/linux-ia32": {
      "version": "0.17.3",
      "resolved": "https://registry.npmjs.org/@esbuild/linux-ia32/-/linux-ia32-0.17.3.tgz",
      "integrity": "sha512-FyXlD2ZjZqTFh0sOQxFDiWG1uQUEOLbEh9gKN/7pFxck5Vw0qjWSDqbn6C10GAa1rXJpwsntHcmLqydY9ST9ZA==",
      "cpu": [
        "ia32"
      ],
      "optional": true,
      "os": [
        "linux"
      ],
      "engines": {
        "node": ">=12"
      }
    },
    "node_modules/@esbuild/linux-loong64": {
      "version": "0.17.3",
      "resolved": "https://registry.npmjs.org/@esbuild/linux-loong64/-/linux-loong64-0.17.3.tgz",
      "integrity": "sha512-OrDGMvDBI2g7s04J8dh8/I7eSO+/E7nMDT2Z5IruBfUO/RiigF1OF6xoH33Dn4W/OwAWSUf1s2nXamb28ZklTA==",
      "cpu": [
        "loong64"
      ],
      "optional": true,
      "os": [
        "linux"
      ],
      "engines": {
        "node": ">=12"
      }
    },
    "node_modules/@esbuild/linux-mips64el": {
      "version": "0.17.3",
      "resolved": "https://registry.npmjs.org/@esbuild/linux-mips64el/-/linux-mips64el-0.17.3.tgz",
      "integrity": "sha512-DcnUpXnVCJvmv0TzuLwKBC2nsQHle8EIiAJiJ+PipEVC16wHXaPEKP0EqN8WnBe0TPvMITOUlP2aiL5YMld+CQ==",
      "cpu": [
        "mips64el"
      ],
      "optional": true,
      "os": [
        "linux"
      ],
      "engines": {
        "node": ">=12"
      }
    },
    "node_modules/@esbuild/linux-ppc64": {
      "version": "0.17.3",
      "resolved": "https://registry.npmjs.org/@esbuild/linux-ppc64/-/linux-ppc64-0.17.3.tgz",
      "integrity": "sha512-BDYf/l1WVhWE+FHAW3FzZPtVlk9QsrwsxGzABmN4g8bTjmhazsId3h127pliDRRu5674k1Y2RWejbpN46N9ZhQ==",
      "cpu": [
        "ppc64"
      ],
      "optional": true,
      "os": [
        "linux"
      ],
      "engines": {
        "node": ">=12"
      }
    },
    "node_modules/@esbuild/linux-riscv64": {
      "version": "0.17.3",
      "resolved": "https://registry.npmjs.org/@esbuild/linux-riscv64/-/linux-riscv64-0.17.3.tgz",
      "integrity": "sha512-WViAxWYMRIi+prTJTyV1wnqd2mS2cPqJlN85oscVhXdb/ZTFJdrpaqm/uDsZPGKHtbg5TuRX/ymKdOSk41YZow==",
      "cpu": [
        "riscv64"
      ],
      "optional": true,
      "os": [
        "linux"
      ],
      "engines": {
        "node": ">=12"
      }
    },
    "node_modules/@esbuild/linux-s390x": {
      "version": "0.17.3",
      "resolved": "https://registry.npmjs.org/@esbuild/linux-s390x/-/linux-s390x-0.17.3.tgz",
      "integrity": "sha512-Iw8lkNHUC4oGP1O/KhumcVy77u2s6+KUjieUqzEU3XuWJqZ+AY7uVMrrCbAiwWTkpQHkr00BuXH5RpC6Sb/7Ug==",
      "cpu": [
        "s390x"
      ],
      "optional": true,
      "os": [
        "linux"
      ],
      "engines": {
        "node": ">=12"
      }
    },
    "node_modules/@esbuild/linux-x64": {
      "version": "0.17.3",
      "resolved": "https://registry.npmjs.org/@esbuild/linux-x64/-/linux-x64-0.17.3.tgz",
      "integrity": "sha512-0AGkWQMzeoeAtXQRNB3s4J1/T2XbigM2/Mn2yU1tQSmQRmHIZdkGbVq2A3aDdNslPyhb9/lH0S5GMTZ4xsjBqg==",
      "cpu": [
        "x64"
      ],
      "optional": true,
      "os": [
        "linux"
      ],
      "engines": {
        "node": ">=12"
      }
    },
    "node_modules/@esbuild/netbsd-x64": {
      "version": "0.17.3",
      "resolved": "https://registry.npmjs.org/@esbuild/netbsd-x64/-/netbsd-x64-0.17.3.tgz",
      "integrity": "sha512-4+rR/WHOxIVh53UIQIICryjdoKdHsFZFD4zLSonJ9RRw7bhKzVyXbnRPsWSfwybYqw9sB7ots/SYyufL1mBpEg==",
      "cpu": [
        "x64"
      ],
      "optional": true,
      "os": [
        "netbsd"
      ],
      "engines": {
        "node": ">=12"
      }
    },
    "node_modules/@esbuild/openbsd-x64": {
      "version": "0.17.3",
      "resolved": "https://registry.npmjs.org/@esbuild/openbsd-x64/-/openbsd-x64-0.17.3.tgz",
      "integrity": "sha512-cVpWnkx9IYg99EjGxa5Gc0XmqumtAwK3aoz7O4Dii2vko+qXbkHoujWA68cqXjhh6TsLaQelfDO4MVnyr+ODeA==",
      "cpu": [
        "x64"
      ],
      "optional": true,
      "os": [
        "openbsd"
      ],
      "engines": {
        "node": ">=12"
      }
    },
    "node_modules/@esbuild/sunos-x64": {
      "version": "0.17.3",
      "resolved": "https://registry.npmjs.org/@esbuild/sunos-x64/-/sunos-x64-0.17.3.tgz",
      "integrity": "sha512-RxmhKLbTCDAY2xOfrww6ieIZkZF+KBqG7S2Ako2SljKXRFi+0863PspK74QQ7JpmWwncChY25JTJSbVBYGQk2Q==",
      "cpu": [
        "x64"
      ],
      "optional": true,
      "os": [
        "sunos"
      ],
      "engines": {
        "node": ">=12"
      }
    },
    "node_modules/@esbuild/win32-arm64": {
      "version": "0.17.3",
      "resolved": "https://registry.npmjs.org/@esbuild/win32-arm64/-/win32-arm64-0.17.3.tgz",
      "integrity": "sha512-0r36VeEJ4efwmofxVJRXDjVRP2jTmv877zc+i+Pc7MNsIr38NfsjkQj23AfF7l0WbB+RQ7VUb+LDiqC/KY/M/A==",
      "cpu": [
        "arm64"
      ],
      "optional": true,
      "os": [
        "win32"
      ],
      "engines": {
        "node": ">=12"
      }
    },
    "node_modules/@esbuild/win32-ia32": {
      "version": "0.17.3",
      "resolved": "https://registry.npmjs.org/@esbuild/win32-ia32/-/win32-ia32-0.17.3.tgz",
      "integrity": "sha512-wgO6rc7uGStH22nur4aLFcq7Wh86bE9cOFmfTr/yxN3BXvDEdCSXyKkO+U5JIt53eTOgC47v9k/C1bITWL/Teg==",
      "cpu": [
        "ia32"
      ],
      "optional": true,
      "os": [
        "win32"
      ],
      "engines": {
        "node": ">=12"
      }
    },
    "node_modules/@esbuild/win32-x64": {
      "version": "0.17.3",
      "resolved": "https://registry.npmjs.org/@esbuild/win32-x64/-/win32-x64-0.17.3.tgz",
      "integrity": "sha512-FdVl64OIuiKjgXBjwZaJLKp0eaEckifbhn10dXWhysMJkWblg3OEEGKSIyhiD5RSgAya8WzP3DNkngtIg3Nt7g==",
      "cpu": [
        "x64"
      ],
      "optional": true,
      "os": [
        "win32"
      ],
      "engines": {
        "node": ">=12"
      }
    },
    "node_modules/esbuild": {
      "version": "0.17.3",
      "resolved": "https://registry.npmjs.org/esbuild/-/esbuild-0.17.3.tgz",
      "integrity": "sha512-9n3AsBRe6sIyOc6kmoXg2ypCLgf3eZSraWFRpnkto+svt8cZNuKTkb1bhQcitBcvIqjNiK7K0J3KPmwGSfkA8g==",
      "hasInstallScript": true,
      "bin": {
        "esbuild": "bin/esbuild"
      },
      "engines": {
        "node": ">=12"
      },
      "optionalDependencies": {
        "@esbuild/android-arm": "0.17.3",
        "@esbuild/android-arm64": "0.17.3",
        "@esbuild/android-x64": "0.17.3",
        "@esbuild/darwin-arm64": "0.17.3",
        "@esbuild/darwin-x64": "0.17.3",
        "@esbuild/freebsd-arm64": "0.17.3",
        "@esbuild/freebsd-x64": "0.17.3",
        "@esbuild/linux-arm": "0.17.3",
        "@esbuild/linux-arm64": "0.17.3",
        "@esbuild/linux-ia32": "0.17.3",
        "@esbuild/linux-loong64": "0.17.3",
        "@esbuild/linux-mips64el": "0.17.3",
        "@esbuild/linux-ppc64": "0.17.3",
        "@esbuild/linux-riscv64": "0.17.3",
        "@esbuild/linux-s390x": "0.17.3",
        "@esbuild/linux-x64": "0.17.3",
        "@esbuild/netbsd-x64": "0.17.3",
        "@esbuild/openbsd-x64": "0.17.3",
        "@esbuild/sunos-x64": "0.17.3",
        "@esbuild/win32-arm64": "0.17.3",
        "@esbuild/win32-ia32": "0.17.3",
        "@esbuild/win32-x64": "0.17.3"
      }
    }
  },
  "dependencies": {
    "@esbuild/android-arm": {
      "version": "0.17.3",
      "resolved": "https://registry.npmjs.org/@esbuild/android-arm/-/android-arm-0.17.3.tgz",
      "integrity": "sha512-1Mlz934GvbgdDmt26rTLmf03cAgLg5HyOgJN+ZGCeP3Q9ynYTNMn2/LQxIl7Uy+o4K6Rfi2OuLsr12JQQR8gNg==",
      "optional": true
    },
    "@esbuild/android-arm64": {
      "version": "0.17.3",
      "resolved": "https://registry.npmjs.org/@esbuild/android-arm64/-/android-arm64-0.17.3.tgz",
      "integrity": "sha512-XvJsYo3dO3Pi4kpalkyMvfQsjxPWHYjoX4MDiB/FUM4YMfWcXa5l4VCwFWVYI1+92yxqjuqrhNg0CZg3gSouyQ==",
      "optional": true
    },
    "@esbuild/android-x64": {
      "version": "0.17.3",
      "resolved": "https://registry.npmjs.org/@esbuild/android-x64/-/android-x64-0.17.3.tgz",
      "integrity": "sha512-nuV2CmLS07Gqh5/GrZLuqkU9Bm6H6vcCspM+zjp9TdQlxJtIe+qqEXQChmfc7nWdyr/yz3h45Utk1tUn8Cz5+A==",
      "optional": true
    },
    "@esbuild/darwin-arm64": {
      "version": "0.17.3",
      "resolved": "https://registry.npmjs.org/@esbuild/darwin-arm64/-/darwin-arm64-0.17.3.tgz",
      "integrity": "sha512-01Hxaaat6m0Xp9AXGM8mjFtqqwDjzlMP0eQq9zll9U85ttVALGCGDuEvra5Feu/NbP5AEP1MaopPwzsTcUq1cw==",
      "optional": true
    },
    "@esbuild/darwin-x64": {
      "version": "0.17.3",
      "resolved": "https://registry.npmjs.org/@esbuild/darwin-x64/-/darwin-x64-0.17.3.tgz",
      "integrity": "sha512-Eo2gq0Q/er2muf8Z83X21UFoB7EU6/m3GNKvrhACJkjVThd0uA+8RfKpfNhuMCl1bKRfBzKOk6xaYKQZ4lZqvA==",
      "optional": true
    },
    "@esbuild/freebsd-arm64": {
      "version": "0.17.3",
      "resolved": "https://registry.npmjs.org/@esbuild/freebsd-arm64/-/freebsd-arm64-0.17.3.tgz",
      "integrity": "sha512-CN62ESxaquP61n1ZjQP/jZte8CE09M6kNn3baos2SeUfdVBkWN5n6vGp2iKyb/bm/x4JQzEvJgRHLGd5F5b81w==",
      "optional": true
    },
    "@esbuild/freebsd-x64": {
      "version": "0.17.3",
      "resolved": "https://registry.npmjs.org/@esbuild/freebsd-x64/-/freebsd-x64-0.17.3.tgz",
      "integrity": "sha512-feq+K8TxIznZE+zhdVurF3WNJ/Sa35dQNYbaqM/wsCbWdzXr5lyq+AaTUSER2cUR+SXPnd/EY75EPRjf4s1SLg==",
      "optional": true
    },
    "@esbuild/linux-arm": {
      "version": "0.17.3",
      "resolved": "https://registry.npmjs.org/@esbuild/linux-arm/-/linux-arm-0.17.3.tgz",
      "integrity": "sha512-CLP3EgyNuPcg2cshbwkqYy5bbAgK+VhyfMU7oIYyn+x4Y67xb5C5ylxsNUjRmr8BX+MW3YhVNm6Lq6FKtRTWHQ==",
      "optional": true
    },
    "@esbuild/linux-arm64": {
      "version": "0.17.3",
      "resolved": "https://registry.npmjs.org/@esbuild/linux-arm64/-/linux-arm64-0.17.3.tgz",
      "integrity": "sha512-JHeZXD4auLYBnrKn6JYJ0o5nWJI9PhChA/Nt0G4MvLaMrvXuWnY93R3a7PiXeJQphpL1nYsaMcoV2QtuvRnF/g==",
      "optional": true
    },
    "@esbuild/linux-ia32": {
      "version": "0.17.3",
      "resolved": "https://registry.npmjs.org/@esbuild/linux-ia32/-/linux-ia32-0.17.3.tgz",
      "integrity": "sha512-FyXlD2ZjZqTFh0sOQxFDiWG1uQUEOLbEh9gKN/7pFxck5Vw0qjWSDqbn6C10GAa1rXJpwsntHcmLqydY9ST9ZA==",
      "optional": true
    },
    "@esbuild/linux-loong64": {
      "version": "0.17.3",
      "resolved": "https://registry.npmjs.org/@esbuild/linux-loong64/-/linux-loong64-0.17.3.tgz",
      "integrity": "sha512-OrDGMvDBI2g7s04J8dh8/I7eSO+/E7nMDT2Z5IruBfUO/RiigF1OF6xoH33Dn4W/OwAWSUf1s2nXamb28ZklTA==",
      "optional": true
    },
    "@esbuild/linux-mips64el": {
      "version": "0.17.3",
      "resolved": "https://registry.npmjs.org/@esbuild/linux-mips64el/-/linux-mips64el-0.17.3.tgz",
      "integrity": "sha512-DcnUpXnVCJvmv0TzuLwKBC2nsQHle8EIiAJiJ+PipEVC16wHXaPEKP0EqN8WnBe0TPvMITOUlP2aiL5YMld+CQ==",
      "optional": true
    },
    "@esbuild/linux-ppc64": {
      "version": "0.17.3",
      "resolved": "https://registry.npmjs.org/@esbuild/linux-ppc64/-/linux-ppc64-0.17.3.tgz",
      "integrity": "sha512-BDYf/l1WVhWE+FHAW3FzZPtVlk9QsrwsxGzABmN4g8bTjmhazsId3h127pliDRRu5674k1Y2RWejbpN46N9ZhQ==",
      "optional": true
    },
    "@esbuild/linux-riscv64": {
      "version": "0.17.3",
      "resolved": "https://registry.npmjs.org/@esbuild/linux-riscv64/-/linux-riscv64-0.17.3.tgz",
      "integrity": "sha512-WViAxWYMRIi+prTJTyV1wnqd2mS2cPqJlN85oscVhXdb/ZTFJdrpaqm/uDsZPGKHtbg5TuRX/ymKdOSk41YZow==",
      "optional": true
    },
    "@esbuild/linux-s390x": {
      "version": "0.17.3",
      "resolved": "https://registry.npmjs.org/@esbuild/linux-s390x/-/linux-s390x-0.17.3.tgz",
      "integrity": "sha512-Iw8lkNHUC4oGP1O/KhumcVy77u2s6+KUjieUqzEU3XuWJqZ+AY7uVMrrCbAiwWTkpQHkr00BuXH5RpC6Sb/7Ug==",
      "optional": true
    },
    "@esbuild/linux-x64": {
      "version": "0.17.3",
      "resolved": "https://registry.npmjs.org/@esbuild/linux-x64/-/linux-x64-0.17.3.tgz",
      "integrity": "sha512-0AGkWQMzeoeAtXQRNB3s4J1/T2XbigM2/Mn2yU1tQSmQRmHIZdkGbVq2A3aDdNslPyhb9/lH0S5GMTZ4xsjBqg==",
      "optional": true
    },
    "@esbuild/netbsd-x64": {
      "version": "0.17.3",
      "resolved": "https://registry.npmjs.org/@esbuild/netbsd-x64/-/netbsd-x64-0.17.3.tgz",
      "integrity": "sha512-4+rR/WHOxIVh53UIQIICryjdoKdHsFZFD4zLSonJ9RRw7bhKzVyXbnRPsWSfwybYqw9sB7ots/SYyufL1mBpEg==",
      "optional": true
    },
    "@esbuild/openbsd-x64": {
      "version": "0.17.3",
      "resolved": "https://registry.npmjs.org/@esbuild/openbsd-x64/-/openbsd-x64-0.17.3.tgz",
      "integrity": "sha512-cVpWnkx9IYg99EjGxa5Gc0XmqumtAwK3aoz7O4Dii2vko+qXbkHoujWA68cqXjhh6TsLaQelfDO4MVnyr+ODeA==",
      "optional": true
    },
    "@esbuild/sunos-x64": {
      "version": "0.17.3",
      "resolved": "https://registry.npmjs.org/@esbuild/sunos-x64/-/sunos-x64-0.17.3.tgz",
      "integrity": "sha512-RxmhKLbTCDAY2xOfrww6ieIZkZF+KBqG7S2Ako2SljKXRFi+0863PspK74QQ7JpmWwncChY25JTJSbVBYGQk2Q==",
      "optional": true
    },
    "@esbuild/win32-arm64": {
      "version": "0.17.3",
      "resolved": "https://registry.npmjs.org/@esbuild/win32-arm64/-/win32-arm64-0.17.3.tgz",
      "integrity": "sha512-0r36VeEJ4efwmofxVJRXDjVRP2jTmv877zc+i+Pc7MNsIr38NfsjkQj23AfF7l0WbB+RQ7VUb+LDiqC/KY/M/A==",
      "optional": true
    },
    "@esbuild/win32-ia32": {
      "version": "0.17.3",
      "resolved": "https://registry.npmjs.org/@esbuild/win32-ia32/-/win32-ia32-0.17.3.tgz",
      "integrity": "sha512-wgO6rc7uGStH22nur4aLFcq7Wh86bE9cOFmfTr/yxN3BXvDEdCSXyKkO+U5JIt53eTOgC47v9k/C1bITWL/Teg==",
      "optional": true
    },
    "@esbuild/win32-x64": {
      "version": "0.17.3",
      "resolved": "https://registry.npmjs.org/@esbuild/win32-x64/-/win32-x64-0.17.3.tgz",
      "integrity": "sha512-FdVl64OIuiKjgXBjwZaJLKp0eaEckifbhn10dXWhysMJkWblg3OEEGKSIyhiD5RSgAya8WzP3DNkngtIg3Nt7g==",
      "optional": true
    },
    "esbuild": {
      "version": "0.17.3",
      "resolved": "https://registry.npmjs.org/esbuild/-/esbuild-0.17.3.tgz",
      "integrity": "sha512-9n3AsBRe6sIyOc6kmoXg2ypCLgf3eZSraWFRpnkto+svt8cZNuKTkb1bhQcitBcvIqjNiK7K0J3KPmwGSfkA8g==",
      "requires": {
        "@esbuild/android-arm": "0.17.3",
        "@esbuild/android-arm64": "0.17.3",
        "@esbuild/android-x64": "0.17.3",
        "@esbuild/darwin-arm64": "0.17.3",
        "@esbuild/darwin-x64": "0.17.3",
        "@esbuild/freebsd-arm64": "0.17.3",
        "@esbuild/freebsd-x64": "0.17.3",
        "@esbuild/linux-arm": "0.17.3",
        "@esbuild/linux-arm64": "0.17.3",
        "@esbuild/linux-ia32": "0.17.3",
        "@esbuild/linux-loong64": "0.17.3",
        "@esbuild/linux-mips64el": "0.17.3",
        "@esbuild/linux-ppc64": "0.17.3",
        "@esbuild/linux-riscv64": "0.17.3",
        "@esbuild/linux-s390x": "0.17.3",
        "@esbuild/linux-x64": "0.17.3",
        "@esbuild/netbsd-x64": "0.17.3",
        "@esbuild/openbsd-x64": "0.17.3",
        "@esbuild/sunos-x64": "0.17.3",
        "@esbuild/win32-arm64": "0.17.3",
        "@esbuild/win32-ia32": "0.17.3",
        "@esbuild/win32-x64": "0.17.3"
      }
    }
  }
}
